{
    "version": 3,
    "terraform_version": "0.11.12",
    "serial": 140,
    "lineage": "7df33373-329e-87cd-d6b3-2aefe31f7050",
    "modules": [
        {
            "path": [
                "root"
            ],
            "outputs": {
                "private_key": {
                    "sensitive": true,
                    "type": "string",
                    "value": "-----BEGIN RSA PRIVATE KEY-----\nMIIJKAIBAAKCAgEA4Vq+BpDFwjuIxEYhwwrS1oEBfqM5v86z67fRINiW2FyTaRDi\n7W6iaqlRkbmGNdLWuHobLLpgFaNfROV39mnZtenOTVM7eioMFaUS7I4/IkO3Lu0v\nToTtdKiIsPC+m7eET6fNopZLRZT3Dy1Ttr9i8hnVpv3RUZM4Om+WgSuihtrEEXq/\noHlat8DH9FTPGcmS+U5nRBoGWR89hid9/w/LNZy8D4MusrX95XbiOT+9vM6o2jYn\nZcAGW8S9tLy/N0GT3UE9R9oPP4OBol5V+naVlEHW1V2aqDrKU7aDprxiHC/wrVIo\nIs+sDwOhzR2hFzlz4DrySs9yI/dbsC/+V4JdNGgf4p4bSzZjLDvpspQX1Q2bVkos\nmaYtY8Eu+BF7oUwuiSsDXK/wl1SraivFF7uhKXNSU2N1phtgFG9OinlbvyafggXJ\nqNTvn954ZBXAYg2oc2vAd0MbbxVRyrx46DIhLM6Q7icSVNHKxYIdDrVXbioKt0kM\ncREwCJANOLT6hB/Ahc2/kuT6+AaqtCgNbAwEdPUt2GcZGID0qiz+T/Ld7gmfM7OR\nf69x/xkwAC61HXwc8y/5a5nCDMET3esjs6HVitwm89IEYCeTvvpRV+24VJxK1JDa\n+hH5DdhA3TYgrhGdtfPtmoj4gE55lcPFuHb2F5Viegt5xe9VrDnKSheKZZsCAwEA\nAQKCAgBFba6D2VCEIdFmHvFB5PDGE2LBgEpHdMhrw+sTQodey07DHOe9HMu/LsEp\ns03NAVMT7NK4egcmQ3oTgNrvuPbRG+JqYk09uvyUIpJs/PoodVJXi816VGvP+Ch8\n0v72fJiv7dPl1oYEPvvK2j0jXV1/l0QCucomZsP5BO4Kh8X/5CBp/jZRm3G+kQ9J\nkGNp33d/hY89JQN1q7FJxpsD3PrPXqV15gWaG4XIj1LtLl0ncUgGSo7iw0FyPm/v\n4gLLZFHI5dOacm0mNT7YJlY43xYAYjRs8fS3Bb3WArIWyY00f/SXgWtKJk8tJQJR\nbmJ2BEZV+/Mv5y+UMx41buPeVBSgf4kVZkRmz+0LRV+ZlubxcjObu0pWm3JNw1hl\nrH4Qs5vQ4xtMkCP/hBhTOijo231z8/P8HKhuPsiejjmtfCYVBHT3bFLZPF1VXIIY\nPn6mDlJTYmDRmfaz7z4Ivo0VgzWiEQmrhlmXku7p6QlF3YcRuuN07Rt60VtaDvUA\ngF72VbVmpdWuV9EfyrcfPlVt1B6BcFm6SUYUbw8R9UyjMOWGUPemjZhu5ahm6Aq3\npL1VeRICTMJ+1SFeZSdMgqJVw5+6m9U4JnLMATu/7yZYNtRAyb2R0My+thNwqzgR\n8YM0Uav/oMBXLIcHQvaSmxIIZYt+qQTiBp65T0fzzOjrj6028QKCAQEA/XjYU/sB\ntHwzkMZwP64MEGfcZ1Xr6gDo9vv+FcKOPJNCyw+25wRFj6+sZSypX1MKTogqj7Ls\nbyKzosym+8KDmwxT8AJvE1Ti274ozjDn1axJrDS3yB4m8+YQQRM101BX2btEn4IY\nArkaXbri1e3Hi1Z00FdtjYJwmp+jK+eH4578jwe7K6P3bqcfxA92zbqrLLW/oaKp\n/ccGWwLFJcrSSXssGXYlkqDXkCcmAt3XZpO+M8AEiw/mlgjyMjqxKZD+iSV0K8av\npkRsiy9UHg1qNRK9aff4o3PlYwQAdAjWwBGpWOD4nqjprtqxED2Cdns1cXkSVCPF\nAN337Pbhk77fAwKCAQEA45obyDHypxdggOfo2SecA96XdGEFBPoqw9UQQvTXJQCC\nf8x/0ZAip0dXc2UH0jPVKDa6bHioAiQhTghAM3huHVT6kSQAuUrj1eOX5Dw1Pupg\n14Tm0CzXd2WeDGh/fHULsghiKOA0VSrwiNLTJe8EYY0lxZ/6+ImbBejudexRffnY\nueO/XIl06YcfueIWcUQTXFQbHe50OpXIyYsmalJ5lLqCV+xOlhZJEL3mAe/4N8AQ\nXxjV6fZn3Ri4PytQuX6aGV6jXr7Hy8A5wyCNXNDrUPAN8Twx/oZ+GH6p8kVpR6DN\nAupZgfX5+cHXiE0yhUFHyxbLiycxqBIoZxZfUKaviQKCAQBSQKvanMKR4hgNrAdy\n8rThggKo2d4DgqYWt/Fc+FSV3ae4I3JUBzPXi8di0Zpo35aho1hEZ2iIK/elJcou\nOpHgd6CpavDGki5H5q5xMreYxB7oLfdRjk9PqGGv7F70IsdPVZDQPjQydgTTU7kW\neOHfGoAvt59KY4DM/G7D6Y9UUxxcAcNARyYdF0ico/QGkMPJb3UvK40EWFh8oip9\nuBKDW+AUpx1MNrudAMc5+OlUVS9MtcwDoHZQS7jkid1BwtaGhMvtBL2tM9kRVZtz\nYSEM9fbXc2uRByPx/LN09AVUMKcGu4KSYffrEPaScZNrhVHzb7l96lmcjWtNz1Om\nUTMnAoIBAQCND7RsTVig6sIq4pDUFdKCK3Ee9gqQXSQoH2NmvCyjiD9ZSbtmfLid\niH/QyysfwnQ36kN8ewNV4GKr5D02KUvF7icl0XSJYrr2k4pOMGqnxceji4EqQMCC\nBX8BHbr1ve0zuDJuNxb4Oha+Fjw7ZHoIo9xnMZHwfAiSjx1MBN01AKar/1VY2vCU\n0+R75n4WUSTWsmHkGSf8L100XIPAncEwxq+GIrVKHCHIuIlXZg0nMGh1KAVcbhVN\nWMbIj+YGMUr8skT6sa9OvqKOJxy2C93sWfuqKa6qm1yHfemCeDaZ6DVnuysievsl\nKliU55OKNz1xx3z7j50dF7PmwFzutYBRAoIBAC1/5LRjS+AHCaAOt39l7dqE5RoH\nI7H8epD6V5Ky6mY7nAfOTlHerxRidlICNDwyN7xqN4Z6sfbttayZUeccAJW5uAIL\n8Qi5JhjUWpaJTsz1UxSEJytmqeeuA9BGzkWyDMTsvMOhQtNDQOVqTWW3vunM9b9A\nx3XAG6XK6tl1aDcSI3dchSxkcWhNKeDdct33/FgfkXBcUt6JGpzXCiVxxcBGpuBr\nB5boCBp+wiJVZ7amyhrd9Fr0iGSwc3V5rYjv7q1MoTndAa/3Th64JQmRqOIg0Dqb\n0FWv59sSMAg5DY3QEZ4uDzViqZvw49DackKZgVB068jw4ry/fUdBZQpQWro=\n-----END RSA PRIVATE KEY-----\n"
                }
            },
            "resources": {
                "ansible_host.BASTIONHOSTA": {
                    "type": "ansible_host",
                    "depends_on": [
                        "aws_instance.BASTIONHOSTA"
                    ],
                    "primary": {
                        "id": "ec2-34-255-117-195.eu-west-1.compute.amazonaws.com",
                        "attributes": {
                            "groups.#": "1",
                            "groups.0": "security",
                            "id": "ec2-34-255-117-195.eu-west-1.compute.amazonaws.com",
                            "inventory_hostname": "ec2-34-255-117-195.eu-west-1.compute.amazonaws.com",
                            "vars.%": "3",
                            "vars.ansible_python_interpreter": "/usr/bin/python3",
                            "vars.ansible_ssh_private_key_file": "/tmp/privkey.pem",
                            "vars.ansible_user": "ubuntu"
                        },
                        "meta": {},
                        "tainted": false
                    },
                    "deposed": [],
                    "provider": "provider.ansible"
                },
                "ansible_host.BASTIONHOSTB": {
                    "type": "ansible_host",
                    "depends_on": [
                        "aws_instance.BASTIONHOSTB"
                    ],
                    "primary": {
                        "id": "ec2-34-244-234-161.eu-west-1.compute.amazonaws.com",
                        "attributes": {
                            "groups.#": "1",
                            "groups.0": "security",
                            "id": "ec2-34-244-234-161.eu-west-1.compute.amazonaws.com",
                            "inventory_hostname": "ec2-34-244-234-161.eu-west-1.compute.amazonaws.com",
                            "vars.%": "3",
                            "vars.ansible_python_interpreter": "/usr/bin/python3",
                            "vars.ansible_ssh_private_key_file": "/tmp/privkey.pem",
                            "vars.ansible_user": "ubuntu"
                        },
                        "meta": {},
                        "tainted": false
                    },
                    "deposed": [],
                    "provider": "provider.ansible"
                },
                "ansible_host.CONSUL001": {
                    "type": "ansible_host",
                    "depends_on": [
                        "aws_instance.BASTIONHOSTA",
                        "aws_instance.CONSULA"
                    ],
                    "primary": {
                        "id": "ip-10-0-1-20.eu-west-1.compute.internal",
                        "attributes": {
                            "groups.#": "1",
                            "groups.0": "consul",
                            "id": "ip-10-0-1-20.eu-west-1.compute.internal",
                            "inventory_hostname": "ip-10-0-1-20.eu-west-1.compute.internal",
                            "vars.%": "6",
                            "vars.ansible_python_interpreter": "/usr/bin/python3",
                            "vars.ansible_ssh_common_args": " -o ProxyCommand=\"ssh -o StrictHostKeyChecking=no -i /tmp/privkey.pem -W %h:%p -q ubuntu@ec2-34-255-117-195.eu-west-1.compute.amazonaws.com\"",
                            "vars.ansible_ssh_private_key_file": "/tmp/privkey.pem",
                            "vars.ansible_user": "ubuntu",
                            "vars.proxy": "10.0.11.172",
                            "vars.role": "master"
                        },
                        "meta": {},
                        "tainted": false
                    },
                    "deposed": [],
                    "provider": "provider.ansible"
                },
                "ansible_host.CONSUL002": {
                    "type": "ansible_host",
                    "depends_on": [
                        "aws_instance.BASTIONHOSTA",
                        "aws_instance.CONSULB"
                    ],
                    "primary": {
                        "id": "ip-10-0-1-35.eu-west-1.compute.internal",
                        "attributes": {
                            "groups.#": "1",
                            "groups.0": "consul",
                            "id": "ip-10-0-1-35.eu-west-1.compute.internal",
                            "inventory_hostname": "ip-10-0-1-35.eu-west-1.compute.internal",
                            "vars.%": "6",
                            "vars.ansible_python_interpreter": "/usr/bin/python3",
                            "vars.ansible_ssh_common_args": " -o ProxyCommand=\"ssh -o StrictHostKeyChecking=no -i /tmp/privkey.pem -W %h:%p -q ubuntu@ec2-34-255-117-195.eu-west-1.compute.amazonaws.com\"",
                            "vars.ansible_ssh_private_key_file": "/tmp/privkey.pem",
                            "vars.ansible_user": "ubuntu",
                            "vars.proxy": "10.0.11.172",
                            "vars.role": "slave"
                        },
                        "meta": {},
                        "tainted": false
                    },
                    "deposed": [],
                    "provider": "provider.ansible"
                },
                "ansible_host.CONSUL003": {
                    "type": "ansible_host",
                    "depends_on": [
                        "aws_instance.BASTIONHOSTB",
                        "aws_instance.CONSULC"
                    ],
                    "primary": {
                        "id": "ip-10-0-2-250.eu-west-1.compute.internal",
                        "attributes": {
                            "groups.#": "1",
                            "groups.0": "consul",
                            "id": "ip-10-0-2-250.eu-west-1.compute.internal",
                            "inventory_hostname": "ip-10-0-2-250.eu-west-1.compute.internal",
                            "vars.%": "6",
                            "vars.ansible_python_interpreter": "/usr/bin/python3",
                            "vars.ansible_ssh_common_args": " -o ProxyCommand=\"ssh -o StrictHostKeyChecking=no -i /tmp/privkey.pem -W %h:%p -q ubuntu@ec2-34-244-234-161.eu-west-1.compute.amazonaws.com\"",
                            "vars.ansible_ssh_private_key_file": "/tmp/privkey.pem",
                            "vars.ansible_user": "ubuntu",
                            "vars.proxy": "10.0.12.157",
                            "vars.role": "slave"
                        },
                        "meta": {},
                        "tainted": false
                    },
                    "deposed": [],
                    "provider": "provider.ansible"
                },
                "ansible_host.LB001": {
                    "type": "ansible_host",
                    "depends_on": [
                        "aws_elb.lb"
                    ],
                    "primary": {
                        "id": "dev-20190509190210544700000001-1786209383.eu-west-1.elb.amazonaws.com",
                        "attributes": {
                            "groups.#": "1",
                            "groups.0": "lb",
                            "id": "dev-20190509190210544700000001-1786209383.eu-west-1.elb.amazonaws.com",
                            "inventory_hostname": "dev-20190509190210544700000001-1786209383.eu-west-1.elb.amazonaws.com",
                            "vars.%": "1",
                            "vars.lb_external_url": "dev-20190509190210544700000001-1786209383.eu-west-1.elb.amazonaws.com"
                        },
                        "meta": {},
                        "tainted": false
                    },
                    "deposed": [],
                    "provider": "provider.ansible"
                },
                "ansible_host.NFS001": {
                    "type": "ansible_host",
                    "depends_on": [
                        "aws_instance.BASTIONHOSTA",
                        "aws_instance.NFSA",
                        "aws_subnet.pub-web-az-a"
                    ],
                    "primary": {
                        "id": "ip-10-0-11-95.eu-west-1.compute.internal",
                        "attributes": {
                            "groups.#": "1",
                            "groups.0": "nfs",
                            "id": "ip-10-0-11-95.eu-west-1.compute.internal",
                            "inventory_hostname": "ip-10-0-11-95.eu-west-1.compute.internal",
                            "vars.%": "7",
                            "vars.ansible_python_interpreter": "/usr/bin/python3",
                            "vars.ansible_ssh_common_args": " -o ProxyCommand=\"ssh -o StrictHostKeyChecking=no -i /tmp/privkey.pem -W %h:%p -q ubuntu@ec2-34-255-117-195.eu-west-1.compute.amazonaws.com\"",
                            "vars.ansible_ssh_private_key_file": "/tmp/privkey.pem",
                            "vars.ansible_user": "ubuntu",
                            "vars.proxy": "10.0.11.172",
                            "vars.role": "master",
                            "vars.subnet": "10.0.11.0/24"
                        },
                        "meta": {},
                        "tainted": false
                    },
                    "deposed": [],
                    "provider": "provider.ansible"
                },
                "ansible_host.PGBOUNCER001": {
                    "type": "ansible_host",
                    "depends_on": [
                        "aws_instance.BASTIONHOSTB",
                        "aws_instance.PGBOUNCERA"
                    ],
                    "primary": {
                        "id": "ip-10-0-2-85.eu-west-1.compute.internal",
                        "attributes": {
                            "groups.#": "1",
                            "groups.0": "pgbouncer",
                            "id": "ip-10-0-2-85.eu-west-1.compute.internal",
                            "inventory_hostname": "ip-10-0-2-85.eu-west-1.compute.internal",
                            "vars.%": "5",
                            "vars.ansible_python_interpreter": "/usr/bin/python3",
                            "vars.ansible_ssh_common_args": " -o ProxyCommand=\"ssh -o StrictHostKeyChecking=no -i /tmp/privkey.pem -W %h:%p -q ubuntu@ec2-34-244-234-161.eu-west-1.compute.amazonaws.com\"",
                            "vars.ansible_ssh_private_key_file": "/tmp/privkey.pem",
                            "vars.ansible_user": "ubuntu",
                            "vars.proxy": "10.0.12.157"
                        },
                        "meta": {},
                        "tainted": false
                    },
                    "deposed": [],
                    "provider": "provider.ansible"
                },
                "ansible_host.REDIS001": {
                    "type": "ansible_host",
                    "depends_on": [
                        "aws_instance.BASTIONHOSTA",
                        "aws_instance.REDISA"
                    ],
                    "primary": {
                        "id": "ip-10-0-11-104.eu-west-1.compute.internal",
                        "attributes": {
                            "groups.#": "1",
                            "groups.0": "redis",
                            "id": "ip-10-0-11-104.eu-west-1.compute.internal",
                            "inventory_hostname": "ip-10-0-11-104.eu-west-1.compute.internal",
                            "vars.%": "6",
                            "vars.ansible_python_interpreter": "/usr/bin/python3",
                            "vars.ansible_ssh_common_args": " -o ProxyCommand=\"ssh -o StrictHostKeyChecking=no -i /tmp/privkey.pem -W %h:%p -q ubuntu@ec2-34-255-117-195.eu-west-1.compute.amazonaws.com\"",
                            "vars.ansible_ssh_private_key_file": "/tmp/privkey.pem",
                            "vars.ansible_user": "ubuntu",
                            "vars.proxy": "10.0.11.172",
                            "vars.role": "master"
                        },
                        "meta": {},
                        "tainted": false
                    },
                    "deposed": [],
                    "provider": "provider.ansible"
                },
                "ansible_host.REDIS002": {
                    "type": "ansible_host",
                    "depends_on": [
                        "aws_instance.BASTIONHOSTB",
                        "aws_instance.REDISB"
                    ],
                    "primary": {
                        "id": "ip-10-0-12-30.eu-west-1.compute.internal",
                        "attributes": {
                            "groups.#": "1",
                            "groups.0": "redis",
                            "id": "ip-10-0-12-30.eu-west-1.compute.internal",
                            "inventory_hostname": "ip-10-0-12-30.eu-west-1.compute.internal",
                            "vars.%": "6",
                            "vars.ansible_python_interpreter": "/usr/bin/python3",
                            "vars.ansible_ssh_common_args": " -o ProxyCommand=\"ssh -o StrictHostKeyChecking=no -i /tmp/privkey.pem -W %h:%p -q ubuntu@ec2-34-244-234-161.eu-west-1.compute.amazonaws.com\"",
                            "vars.ansible_ssh_private_key_file": "/tmp/privkey.pem",
                            "vars.ansible_user": "ubuntu",
                            "vars.proxy": "10.0.12.157",
                            "vars.role": "slave"
                        },
                        "meta": {},
                        "tainted": false
                    },
                    "deposed": [],
                    "provider": "provider.ansible"
                },
                "ansible_host.SQL001": {
                    "type": "ansible_host",
                    "depends_on": [
                        "aws_instance.BASTIONHOSTA",
                        "aws_instance.SQLA",
                        "aws_subnet.priv-db-az-a"
                    ],
                    "primary": {
                        "id": "ip-10-0-1-178.eu-west-1.compute.internal",
                        "attributes": {
                            "groups.#": "1",
                            "groups.0": "db",
                            "id": "ip-10-0-1-178.eu-west-1.compute.internal",
                            "inventory_hostname": "ip-10-0-1-178.eu-west-1.compute.internal",
                            "vars.%": "7",
                            "vars.ansible_python_interpreter": "/usr/bin/python3",
                            "vars.ansible_ssh_common_args": " -o ProxyCommand=\"ssh -o StrictHostKeyChecking=no -i /tmp/privkey.pem -W %h:%p -q ubuntu@ec2-34-255-117-195.eu-west-1.compute.amazonaws.com\"",
                            "vars.ansible_ssh_private_key_file": "/tmp/privkey.pem",
                            "vars.ansible_user": "ubuntu",
                            "vars.proxy": "10.0.11.172",
                            "vars.role": "master",
                            "vars.subnet": "10.0.1.0/24"
                        },
                        "meta": {},
                        "tainted": false
                    },
                    "deposed": [],
                    "provider": "provider.ansible"
                },
                "ansible_host.SQL002": {
                    "type": "ansible_host",
                    "depends_on": [
                        "aws_instance.BASTIONHOSTB",
                        "aws_instance.SQLB",
                        "aws_subnet.priv-db-az-b"
                    ],
                    "primary": {
                        "id": "ip-10-0-2-87.eu-west-1.compute.internal",
                        "attributes": {
                            "groups.#": "1",
                            "groups.0": "db",
                            "id": "ip-10-0-2-87.eu-west-1.compute.internal",
                            "inventory_hostname": "ip-10-0-2-87.eu-west-1.compute.internal",
                            "vars.%": "7",
                            "vars.ansible_python_interpreter": "/usr/bin/python3",
                            "vars.ansible_ssh_common_args": " -o ProxyCommand=\"ssh -o StrictHostKeyChecking=no -i /tmp/privkey.pem -W %h:%p -q ubuntu@ec2-34-244-234-161.eu-west-1.compute.amazonaws.com\"",
                            "vars.ansible_ssh_private_key_file": "/tmp/privkey.pem",
                            "vars.ansible_user": "ubuntu",
                            "vars.proxy": "10.0.12.157",
                            "vars.role": "slave",
                            "vars.subnet": "10.0.2.0/24"
                        },
                        "meta": {},
                        "tainted": false
                    },
                    "deposed": [],
                    "provider": "provider.ansible"
                },
                "ansible_host.SQL003": {
                    "type": "ansible_host",
                    "depends_on": [
                        "aws_instance.BASTIONHOSTB",
                        "aws_instance.SQLC",
                        "aws_subnet.priv-db-az-b"
                    ],
                    "primary": {
                        "id": "ip-10-0-2-16.eu-west-1.compute.internal",
                        "attributes": {
                            "groups.#": "1",
                            "groups.0": "db",
                            "id": "ip-10-0-2-16.eu-west-1.compute.internal",
                            "inventory_hostname": "ip-10-0-2-16.eu-west-1.compute.internal",
                            "vars.%": "7",
                            "vars.ansible_python_interpreter": "/usr/bin/python3",
                            "vars.ansible_ssh_common_args": " -o ProxyCommand=\"ssh -o StrictHostKeyChecking=no -i /tmp/privkey.pem -W %h:%p -q ubuntu@ec2-34-244-234-161.eu-west-1.compute.amazonaws.com\"",
                            "vars.ansible_ssh_private_key_file": "/tmp/privkey.pem",
                            "vars.ansible_user": "ubuntu",
                            "vars.proxy": "10.0.12.157",
                            "vars.role": "slave",
                            "vars.subnet": "10.0.2.0/24"
                        },
                        "meta": {},
                        "tainted": false
                    },
                    "deposed": [],
                    "provider": "provider.ansible"
                },
                "ansible_host.WEB001": {
                    "type": "ansible_host",
                    "depends_on": [
                        "aws_instance.BASTIONHOSTA",
                        "aws_instance.WEBA",
                        "aws_subnet.pub-web-az-a"
                    ],
                    "primary": {
                        "id": "ip-10-0-11-52.eu-west-1.compute.internal",
                        "attributes": {
                            "groups.#": "1",
                            "groups.0": "web",
                            "id": "ip-10-0-11-52.eu-west-1.compute.internal",
                            "inventory_hostname": "ip-10-0-11-52.eu-west-1.compute.internal",
                            "vars.%": "7",
                            "vars.ansible_python_interpreter": "/usr/bin/python3",
                            "vars.ansible_ssh_common_args": " -o ProxyCommand=\"ssh -o StrictHostKeyChecking=no -i /tmp/privkey.pem -W %h:%p -q ubuntu@ec2-34-255-117-195.eu-west-1.compute.amazonaws.com\"",
                            "vars.ansible_ssh_private_key_file": "/tmp/privkey.pem",
                            "vars.ansible_user": "ubuntu",
                            "vars.proxy": "10.0.11.172",
                            "vars.role": "master",
                            "vars.subnet": "10.0.11.0/24"
                        },
                        "meta": {},
                        "tainted": false
                    },
                    "deposed": [],
                    "provider": "provider.ansible"
                },
                "ansible_host.WEB002": {
                    "type": "ansible_host",
                    "depends_on": [
                        "aws_instance.BASTIONHOSTB",
                        "aws_instance.WEBB",
                        "aws_subnet.pub-web-az-b"
                    ],
                    "primary": {
                        "id": "ip-10-0-12-13.eu-west-1.compute.internal",
                        "attributes": {
                            "groups.#": "1",
                            "groups.0": "web",
                            "id": "ip-10-0-12-13.eu-west-1.compute.internal",
                            "inventory_hostname": "ip-10-0-12-13.eu-west-1.compute.internal",
                            "vars.%": "7",
                            "vars.ansible_python_interpreter": "/usr/bin/python3",
                            "vars.ansible_ssh_common_args": " -o ProxyCommand=\"ssh -o StrictHostKeyChecking=no -i /tmp/privkey.pem -W %h:%p -q ubuntu@ec2-34-244-234-161.eu-west-1.compute.amazonaws.com\"",
                            "vars.ansible_ssh_private_key_file": "/tmp/privkey.pem",
                            "vars.ansible_user": "ubuntu",
                            "vars.proxy": "10.0.12.157",
                            "vars.role": "slave",
                            "vars.subnet": "10.0.12.0/24"
                        },
                        "meta": {},
                        "tainted": false
                    },
                    "deposed": [],
                    "provider": "provider.ansible"
                },
                "aws_elb.lb": {
                    "type": "aws_elb",
                    "depends_on": [
                        "aws_instance.WEBA",
                        "aws_instance.WEBB",
                        "aws_security_group.LoadBalancerSG",
                        "aws_subnet.pub-web-az-a",
                        "aws_subnet.pub-web-az-b"
                    ],
                    "primary": {
                        "id": "dev-20190509190210544700000001",
                        "attributes": {
                            "access_logs.#": "0",
                            "arn": "arn:aws:elasticloadbalancing:eu-west-1:513361393569:loadbalancer/dev-20190509190210544700000001",
                            "availability_zones.#": "2",
                            "availability_zones.1924028850": "eu-west-1b",
                            "availability_zones.3953592328": "eu-west-1a",
                            "connection_draining": "false",
                            "connection_draining_timeout": "300",
                            "cross_zone_load_balancing": "true",
                            "dns_name": "dev-20190509190210544700000001-1786209383.eu-west-1.elb.amazonaws.com",
                            "health_check.#": "1",
                            "health_check.0.healthy_threshold": "2",
                            "health_check.0.interval": "30",
                            "health_check.0.target": "TCP:80",
                            "health_check.0.timeout": "3",
                            "health_check.0.unhealthy_threshold": "2",
                            "id": "dev-20190509190210544700000001",
                            "idle_timeout": "60",
                            "instances.#": "2",
                            "instances.2296072158": "i-099b65eb40ff3a0dc",
                            "instances.2467928497": "i-0dfdf859371f17d55",
                            "internal": "false",
                            "listener.#": "1",
                            "listener.3057123346.instance_port": "80",
                            "listener.3057123346.instance_protocol": "http",
                            "listener.3057123346.lb_port": "80",
                            "listener.3057123346.lb_protocol": "http",
                            "listener.3057123346.ssl_certificate_id": "",
                            "name": "dev-20190509190210544700000001",
                            "name_prefix": "dev-",
                            "security_groups.#": "1",
                            "security_groups.2373587417": "sg-0f7bcadf4f2516b7f",
                            "source_security_group": "513361393569/LoadBalancerSG",
                            "source_security_group_id": "sg-0f7bcadf4f2516b7f",
                            "subnets.#": "2",
                            "subnets.2713836820": "subnet-03908026eb72659e1",
                            "subnets.3862458167": "subnet-0b2394d1b5783e251",
                            "tags.%": "0",
                            "zone_id": "Z32O12XQLNTSW2"
                        },
                        "meta": {},
                        "tainted": false
                    },
                    "deposed": [],
                    "provider": "provider.aws"
                },
                "aws_instance.BASTIONHOSTA": {
                    "type": "aws_instance",
                    "depends_on": [
                        "aws_key_pair.keypair",
                        "aws_security_group.bastionhostSG",
                        "aws_subnet.pub-web-az-a"
                    ],
                    "primary": {
                        "id": "i-020dd0db2ec022b22",
                        "attributes": {
                            "ami": "ami-2a7d75c0",
                            "arn": "arn:aws:ec2:eu-west-1:513361393569:instance/i-020dd0db2ec022b22",
                            "associate_public_ip_address": "true",
                            "availability_zone": "eu-west-1a",
                            "cpu_core_count": "1",
                            "cpu_threads_per_core": "1",
                            "credit_specification.#": "1",
                            "credit_specification.0.cpu_credits": "standard",
                            "disable_api_termination": "false",
                            "ebs_block_device.#": "0",
                            "ebs_optimized": "false",
                            "ephemeral_block_device.#": "0",
                            "get_password_data": "false",
                            "iam_instance_profile": "",
                            "id": "i-020dd0db2ec022b22",
                            "instance_state": "running",
                            "instance_type": "t2.micro",
                            "ipv6_addresses.#": "0",
                            "key_name": "ec2key",
                            "monitoring": "false",
                            "network_interface.#": "0",
                            "password_data": "",
                            "placement_group": "",
                            "primary_network_interface_id": "eni-05c494f7ee1eabb7a",
                            "private_dns": "ip-10-0-11-172.eu-west-1.compute.internal",
                            "private_ip": "10.0.11.172",
                            "public_dns": "ec2-34-255-117-195.eu-west-1.compute.amazonaws.com",
                            "public_ip": "34.255.117.195",
                            "root_block_device.#": "1",
                            "root_block_device.0.delete_on_termination": "true",
                            "root_block_device.0.iops": "100",
                            "root_block_device.0.volume_id": "vol-001ec852c583282ad",
                            "root_block_device.0.volume_size": "8",
                            "root_block_device.0.volume_type": "gp2",
                            "security_groups.#": "0",
                            "source_dest_check": "true",
                            "subnet_id": "subnet-0b2394d1b5783e251",
                            "tags.%": "3",
                            "tags.Environment": "dev",
                            "tags.Name": "dev-BASTION001",
                            "tags.sshUser": "ubuntu",
                            "tenancy": "default",
                            "volume_tags.%": "0",
                            "vpc_security_group_ids.#": "1",
                            "vpc_security_group_ids.916075648": "sg-0c9043cd8f71becab"
                        },
                        "meta": {
                            "e2bfb730-ecaa-11e6-8f88-34363bc7c4c0": {
                                "create": 600000000000,
                                "delete": 1200000000000,
                                "update": 600000000000
                            },
                            "schema_version": "1"
                        },
                        "tainted": false
                    },
                    "deposed": [],
                    "provider": "provider.aws"
                },
                "aws_instance.BASTIONHOSTB": {
                    "type": "aws_instance",
                    "depends_on": [
                        "aws_key_pair.keypair",
                        "aws_security_group.bastionhostSG",
                        "aws_subnet.pub-web-az-b"
                    ],
                    "primary": {
                        "id": "i-0b30bc56ef16382cb",
                        "attributes": {
                            "ami": "ami-2a7d75c0",
                            "arn": "arn:aws:ec2:eu-west-1:513361393569:instance/i-0b30bc56ef16382cb",
                            "associate_public_ip_address": "true",
                            "availability_zone": "eu-west-1b",
                            "cpu_core_count": "1",
                            "cpu_threads_per_core": "1",
                            "credit_specification.#": "1",
                            "credit_specification.0.cpu_credits": "standard",
                            "disable_api_termination": "false",
                            "ebs_block_device.#": "0",
                            "ebs_optimized": "false",
                            "ephemeral_block_device.#": "0",
                            "get_password_data": "false",
                            "iam_instance_profile": "",
                            "id": "i-0b30bc56ef16382cb",
                            "instance_state": "running",
                            "instance_type": "t2.micro",
                            "ipv6_addresses.#": "0",
                            "key_name": "ec2key",
                            "monitoring": "false",
                            "network_interface.#": "0",
                            "password_data": "",
                            "placement_group": "",
                            "primary_network_interface_id": "eni-04de367b56d012e98",
                            "private_dns": "ip-10-0-12-157.eu-west-1.compute.internal",
                            "private_ip": "10.0.12.157",
                            "public_dns": "ec2-34-244-234-161.eu-west-1.compute.amazonaws.com",
                            "public_ip": "34.244.234.161",
                            "root_block_device.#": "1",
                            "root_block_device.0.delete_on_termination": "true",
                            "root_block_device.0.iops": "100",
                            "root_block_device.0.volume_id": "vol-00d08a83096f9b6a5",
                            "root_block_device.0.volume_size": "8",
                            "root_block_device.0.volume_type": "gp2",
                            "security_groups.#": "0",
                            "source_dest_check": "true",
                            "subnet_id": "subnet-03908026eb72659e1",
                            "tags.%": "3",
                            "tags.Environment": "dev",
                            "tags.Name": "dev-BASTION002",
                            "tags.sshUser": "ubuntu",
                            "tenancy": "default",
                            "volume_tags.%": "0",
                            "vpc_security_group_ids.#": "1",
                            "vpc_security_group_ids.916075648": "sg-0c9043cd8f71becab"
                        },
                        "meta": {
                            "e2bfb730-ecaa-11e6-8f88-34363bc7c4c0": {
                                "create": 600000000000,
                                "delete": 1200000000000,
                                "update": 600000000000
                            },
                            "schema_version": "1"
                        },
                        "tainted": false
                    },
                    "deposed": [],
                    "provider": "provider.aws"
                },
                "aws_instance.CONSULA": {
                    "type": "aws_instance",
                    "depends_on": [
                        "aws_key_pair.keypair",
                        "aws_security_group.DBServerSG",
                        "aws_subnet.priv-db-az-a"
                    ],
                    "primary": {
                        "id": "i-0375384384d874f5b",
                        "attributes": {
                            "ami": "ami-2a7d75c0",
                            "arn": "arn:aws:ec2:eu-west-1:513361393569:instance/i-0375384384d874f5b",
                            "associate_public_ip_address": "false",
                            "availability_zone": "eu-west-1a",
                            "cpu_core_count": "1",
                            "cpu_threads_per_core": "1",
                            "credit_specification.#": "1",
                            "credit_specification.0.cpu_credits": "standard",
                            "disable_api_termination": "false",
                            "ebs_block_device.#": "0",
                            "ebs_optimized": "false",
                            "ephemeral_block_device.#": "0",
                            "get_password_data": "false",
                            "iam_instance_profile": "",
                            "id": "i-0375384384d874f5b",
                            "instance_state": "running",
                            "instance_type": "t2.micro",
                            "ipv6_addresses.#": "0",
                            "key_name": "ec2key",
                            "monitoring": "false",
                            "network_interface.#": "0",
                            "password_data": "",
                            "placement_group": "",
                            "primary_network_interface_id": "eni-09566615fd710add2",
                            "private_dns": "ip-10-0-1-20.eu-west-1.compute.internal",
                            "private_ip": "10.0.1.20",
                            "public_dns": "",
                            "public_ip": "",
                            "root_block_device.#": "1",
                            "root_block_device.0.delete_on_termination": "true",
                            "root_block_device.0.iops": "100",
                            "root_block_device.0.volume_id": "vol-0ad72b72047c5903b",
                            "root_block_device.0.volume_size": "8",
                            "root_block_device.0.volume_type": "gp2",
                            "security_groups.#": "0",
                            "source_dest_check": "true",
                            "subnet_id": "subnet-0e65b8cb35e8ef116",
                            "tags.%": "3",
                            "tags.Environment": "dev",
                            "tags.Name": "dev-CONSUL001",
                            "tags.sshUser": "ubuntu",
                            "tenancy": "default",
                            "volume_tags.%": "0",
                            "vpc_security_group_ids.#": "1",
                            "vpc_security_group_ids.1128002998": "sg-0f2db399ff2fda37d"
                        },
                        "meta": {
                            "e2bfb730-ecaa-11e6-8f88-34363bc7c4c0": {
                                "create": 600000000000,
                                "delete": 1200000000000,
                                "update": 600000000000
                            },
                            "schema_version": "1"
                        },
                        "tainted": false
                    },
                    "deposed": [],
                    "provider": "provider.aws"
                },
                "aws_instance.CONSULB": {
                    "type": "aws_instance",
                    "depends_on": [
                        "aws_key_pair.keypair",
                        "aws_security_group.DBServerSG",
                        "aws_subnet.priv-db-az-a"
                    ],
                    "primary": {
                        "id": "i-0e9a877f25a6b0aa0",
                        "attributes": {
                            "ami": "ami-2a7d75c0",
                            "arn": "arn:aws:ec2:eu-west-1:513361393569:instance/i-0e9a877f25a6b0aa0",
                            "associate_public_ip_address": "false",
                            "availability_zone": "eu-west-1a",
                            "cpu_core_count": "1",
                            "cpu_threads_per_core": "1",
                            "credit_specification.#": "1",
                            "credit_specification.0.cpu_credits": "standard",
                            "disable_api_termination": "false",
                            "ebs_block_device.#": "0",
                            "ebs_optimized": "false",
                            "ephemeral_block_device.#": "0",
                            "get_password_data": "false",
                            "iam_instance_profile": "",
                            "id": "i-0e9a877f25a6b0aa0",
                            "instance_state": "running",
                            "instance_type": "t2.micro",
                            "ipv6_addresses.#": "0",
                            "key_name": "ec2key",
                            "monitoring": "false",
                            "network_interface.#": "0",
                            "password_data": "",
                            "placement_group": "",
                            "primary_network_interface_id": "eni-08b04da931f4bfefc",
                            "private_dns": "ip-10-0-1-35.eu-west-1.compute.internal",
                            "private_ip": "10.0.1.35",
                            "public_dns": "",
                            "public_ip": "",
                            "root_block_device.#": "1",
                            "root_block_device.0.delete_on_termination": "true",
                            "root_block_device.0.iops": "100",
                            "root_block_device.0.volume_id": "vol-05eae70854cf5c8ed",
                            "root_block_device.0.volume_size": "8",
                            "root_block_device.0.volume_type": "gp2",
                            "security_groups.#": "0",
                            "source_dest_check": "true",
                            "subnet_id": "subnet-0e65b8cb35e8ef116",
                            "tags.%": "3",
                            "tags.Environment": "dev",
                            "tags.Name": "dev-CONSUL002",
                            "tags.sshUser": "ubuntu",
                            "tenancy": "default",
                            "volume_tags.%": "0",
                            "vpc_security_group_ids.#": "1",
                            "vpc_security_group_ids.1128002998": "sg-0f2db399ff2fda37d"
                        },
                        "meta": {
                            "e2bfb730-ecaa-11e6-8f88-34363bc7c4c0": {
                                "create": 600000000000,
                                "delete": 1200000000000,
                                "update": 600000000000
                            },
                            "schema_version": "1"
                        },
                        "tainted": false
                    },
                    "deposed": [],
                    "provider": "provider.aws"
                },
                "aws_instance.CONSULC": {
                    "type": "aws_instance",
                    "depends_on": [
                        "aws_key_pair.keypair",
                        "aws_security_group.DBServerSG",
                        "aws_subnet.priv-db-az-b"
                    ],
                    "primary": {
                        "id": "i-0a62706e1a4242911",
                        "attributes": {
                            "ami": "ami-2a7d75c0",
                            "arn": "arn:aws:ec2:eu-west-1:513361393569:instance/i-0a62706e1a4242911",
                            "associate_public_ip_address": "false",
                            "availability_zone": "eu-west-1b",
                            "cpu_core_count": "1",
                            "cpu_threads_per_core": "1",
                            "credit_specification.#": "1",
                            "credit_specification.0.cpu_credits": "standard",
                            "disable_api_termination": "false",
                            "ebs_block_device.#": "0",
                            "ebs_optimized": "false",
                            "ephemeral_block_device.#": "0",
                            "get_password_data": "false",
                            "iam_instance_profile": "",
                            "id": "i-0a62706e1a4242911",
                            "instance_state": "running",
                            "instance_type": "t2.micro",
                            "ipv6_addresses.#": "0",
                            "key_name": "ec2key",
                            "monitoring": "false",
                            "network_interface.#": "0",
                            "password_data": "",
                            "placement_group": "",
                            "primary_network_interface_id": "eni-04c3653a333554624",
                            "private_dns": "ip-10-0-2-250.eu-west-1.compute.internal",
                            "private_ip": "10.0.2.250",
                            "public_dns": "",
                            "public_ip": "",
                            "root_block_device.#": "1",
                            "root_block_device.0.delete_on_termination": "true",
                            "root_block_device.0.iops": "100",
                            "root_block_device.0.volume_id": "vol-0a0e405fa2851ac27",
                            "root_block_device.0.volume_size": "8",
                            "root_block_device.0.volume_type": "gp2",
                            "security_groups.#": "0",
                            "source_dest_check": "true",
                            "subnet_id": "subnet-023c4157ba90f1805",
                            "tags.%": "3",
                            "tags.Environment": "dev",
                            "tags.Name": "dev-CONSUL003",
                            "tags.sshUser": "ubuntu",
                            "tenancy": "default",
                            "volume_tags.%": "0",
                            "vpc_security_group_ids.#": "1",
                            "vpc_security_group_ids.1128002998": "sg-0f2db399ff2fda37d"
                        },
                        "meta": {
                            "e2bfb730-ecaa-11e6-8f88-34363bc7c4c0": {
                                "create": 600000000000,
                                "delete": 1200000000000,
                                "update": 600000000000
                            },
                            "schema_version": "1"
                        },
                        "tainted": false
                    },
                    "deposed": [],
                    "provider": "provider.aws"
                },
                "aws_instance.NFSA": {
                    "type": "aws_instance",
                    "depends_on": [
                        "aws_key_pair.keypair",
                        "aws_security_group.WebserverSG",
                        "aws_subnet.pub-web-az-a"
                    ],
                    "primary": {
                        "id": "i-0992aa94d430bf9fa",
                        "attributes": {
                            "ami": "ami-2a7d75c0",
                            "arn": "arn:aws:ec2:eu-west-1:513361393569:instance/i-0992aa94d430bf9fa",
                            "associate_public_ip_address": "true",
                            "availability_zone": "eu-west-1a",
                            "cpu_core_count": "2",
                            "cpu_threads_per_core": "1",
                            "credit_specification.#": "1",
                            "credit_specification.0.cpu_credits": "standard",
                            "disable_api_termination": "false",
                            "ebs_block_device.#": "0",
                            "ebs_optimized": "false",
                            "ephemeral_block_device.#": "0",
                            "get_password_data": "false",
                            "iam_instance_profile": "",
                            "id": "i-0992aa94d430bf9fa",
                            "instance_state": "running",
                            "instance_type": "t2.medium",
                            "ipv6_addresses.#": "0",
                            "key_name": "ec2key",
                            "monitoring": "false",
                            "network_interface.#": "0",
                            "password_data": "",
                            "placement_group": "",
                            "primary_network_interface_id": "eni-07587c9beb8a6d117",
                            "private_dns": "ip-10-0-11-95.eu-west-1.compute.internal",
                            "private_ip": "10.0.11.95",
                            "public_dns": "ec2-34-254-231-2.eu-west-1.compute.amazonaws.com",
                            "public_ip": "34.254.231.2",
                            "root_block_device.#": "1",
                            "root_block_device.0.delete_on_termination": "true",
                            "root_block_device.0.iops": "100",
                            "root_block_device.0.volume_id": "vol-0273c283ad58bb984",
                            "root_block_device.0.volume_size": "8",
                            "root_block_device.0.volume_type": "gp2",
                            "security_groups.#": "0",
                            "source_dest_check": "true",
                            "subnet_id": "subnet-0b2394d1b5783e251",
                            "tags.%": "3",
                            "tags.Environment": "dev",
                            "tags.Name": "dev-NFS001",
                            "tags.sshUser": "ubuntu",
                            "tenancy": "default",
                            "volume_tags.%": "0",
                            "vpc_security_group_ids.#": "1",
                            "vpc_security_group_ids.1647273248": "sg-0e8a3591db0682416"
                        },
                        "meta": {
                            "e2bfb730-ecaa-11e6-8f88-34363bc7c4c0": {
                                "create": 600000000000,
                                "delete": 1200000000000,
                                "update": 600000000000
                            },
                            "schema_version": "1"
                        },
                        "tainted": false
                    },
                    "deposed": [],
                    "provider": "provider.aws"
                },
                "aws_instance.PGBOUNCERA": {
                    "type": "aws_instance",
                    "depends_on": [
                        "aws_key_pair.keypair",
                        "aws_security_group.DBServerSG",
                        "aws_subnet.priv-db-az-b"
                    ],
                    "primary": {
                        "id": "i-03fbc6707cd4f0b73",
                        "attributes": {
                            "ami": "ami-2a7d75c0",
                            "arn": "arn:aws:ec2:eu-west-1:513361393569:instance/i-03fbc6707cd4f0b73",
                            "associate_public_ip_address": "false",
                            "availability_zone": "eu-west-1b",
                            "cpu_core_count": "1",
                            "cpu_threads_per_core": "1",
                            "credit_specification.#": "1",
                            "credit_specification.0.cpu_credits": "standard",
                            "disable_api_termination": "false",
                            "ebs_block_device.#": "0",
                            "ebs_optimized": "false",
                            "ephemeral_block_device.#": "0",
                            "get_password_data": "false",
                            "iam_instance_profile": "",
                            "id": "i-03fbc6707cd4f0b73",
                            "instance_state": "running",
                            "instance_type": "t2.micro",
                            "ipv6_addresses.#": "0",
                            "key_name": "ec2key",
                            "monitoring": "false",
                            "network_interface.#": "0",
                            "password_data": "",
                            "placement_group": "",
                            "primary_network_interface_id": "eni-0f2d15271959fe807",
                            "private_dns": "ip-10-0-2-85.eu-west-1.compute.internal",
                            "private_ip": "10.0.2.85",
                            "public_dns": "",
                            "public_ip": "",
                            "root_block_device.#": "1",
                            "root_block_device.0.delete_on_termination": "true",
                            "root_block_device.0.iops": "100",
                            "root_block_device.0.volume_id": "vol-0a46c32e4ad8c696f",
                            "root_block_device.0.volume_size": "8",
                            "root_block_device.0.volume_type": "gp2",
                            "security_groups.#": "0",
                            "source_dest_check": "true",
                            "subnet_id": "subnet-023c4157ba90f1805",
                            "tags.%": "3",
                            "tags.Environment": "dev",
                            "tags.Name": "dev-PGBOUNCER001",
                            "tags.sshUser": "ubuntu",
                            "tenancy": "default",
                            "volume_tags.%": "0",
                            "vpc_security_group_ids.#": "1",
                            "vpc_security_group_ids.1128002998": "sg-0f2db399ff2fda37d"
                        },
                        "meta": {
                            "e2bfb730-ecaa-11e6-8f88-34363bc7c4c0": {
                                "create": 600000000000,
                                "delete": 1200000000000,
                                "update": 600000000000
                            },
                            "schema_version": "1"
                        },
                        "tainted": false
                    },
                    "deposed": [],
                    "provider": "provider.aws"
                },
                "aws_instance.REDISA": {
                    "type": "aws_instance",
                    "depends_on": [
                        "aws_key_pair.keypair",
                        "aws_security_group.WebserverSG",
                        "aws_subnet.pub-web-az-a"
                    ],
                    "primary": {
                        "id": "i-0cc5b429cc69d2ee0",
                        "attributes": {
                            "ami": "ami-2a7d75c0",
                            "arn": "arn:aws:ec2:eu-west-1:513361393569:instance/i-0cc5b429cc69d2ee0",
                            "associate_public_ip_address": "true",
                            "availability_zone": "eu-west-1a",
                            "cpu_core_count": "1",
                            "cpu_threads_per_core": "1",
                            "credit_specification.#": "1",
                            "credit_specification.0.cpu_credits": "standard",
                            "disable_api_termination": "false",
                            "ebs_block_device.#": "0",
                            "ebs_optimized": "false",
                            "ephemeral_block_device.#": "0",
                            "get_password_data": "false",
                            "iam_instance_profile": "",
                            "id": "i-0cc5b429cc69d2ee0",
                            "instance_state": "running",
                            "instance_type": "t2.micro",
                            "ipv6_addresses.#": "0",
                            "key_name": "ec2key",
                            "monitoring": "false",
                            "network_interface.#": "0",
                            "password_data": "",
                            "placement_group": "",
                            "primary_network_interface_id": "eni-0285ad3c8f2ac794c",
                            "private_dns": "ip-10-0-11-104.eu-west-1.compute.internal",
                            "private_ip": "10.0.11.104",
                            "public_dns": "ec2-52-17-90-59.eu-west-1.compute.amazonaws.com",
                            "public_ip": "52.17.90.59",
                            "root_block_device.#": "1",
                            "root_block_device.0.delete_on_termination": "true",
                            "root_block_device.0.iops": "100",
                            "root_block_device.0.volume_id": "vol-0722ea060ccb3bf3d",
                            "root_block_device.0.volume_size": "8",
                            "root_block_device.0.volume_type": "gp2",
                            "security_groups.#": "0",
                            "source_dest_check": "true",
                            "subnet_id": "subnet-0b2394d1b5783e251",
                            "tags.%": "3",
                            "tags.Environment": "dev",
                            "tags.Name": "dev-REDIS001",
                            "tags.sshUser": "ubuntu",
                            "tenancy": "default",
                            "volume_tags.%": "0",
                            "vpc_security_group_ids.#": "1",
                            "vpc_security_group_ids.1647273248": "sg-0e8a3591db0682416"
                        },
                        "meta": {
                            "e2bfb730-ecaa-11e6-8f88-34363bc7c4c0": {
                                "create": 600000000000,
                                "delete": 1200000000000,
                                "update": 600000000000
                            },
                            "schema_version": "1"
                        },
                        "tainted": false
                    },
                    "deposed": [],
                    "provider": "provider.aws"
                },
                "aws_instance.REDISB": {
                    "type": "aws_instance",
                    "depends_on": [
                        "aws_key_pair.keypair",
                        "aws_security_group.WebserverSG",
                        "aws_subnet.pub-web-az-b"
                    ],
                    "primary": {
                        "id": "i-0ba2cf6efce6f5c14",
                        "attributes": {
                            "ami": "ami-2a7d75c0",
                            "arn": "arn:aws:ec2:eu-west-1:513361393569:instance/i-0ba2cf6efce6f5c14",
                            "associate_public_ip_address": "true",
                            "availability_zone": "eu-west-1b",
                            "cpu_core_count": "1",
                            "cpu_threads_per_core": "1",
                            "credit_specification.#": "1",
                            "credit_specification.0.cpu_credits": "standard",
                            "disable_api_termination": "false",
                            "ebs_block_device.#": "0",
                            "ebs_optimized": "false",
                            "ephemeral_block_device.#": "0",
                            "get_password_data": "false",
                            "iam_instance_profile": "",
                            "id": "i-0ba2cf6efce6f5c14",
                            "instance_state": "running",
                            "instance_type": "t2.micro",
                            "ipv6_addresses.#": "0",
                            "key_name": "ec2key",
                            "monitoring": "false",
                            "network_interface.#": "0",
                            "password_data": "",
                            "placement_group": "",
                            "primary_network_interface_id": "eni-05bb4d0eee5be276e",
                            "private_dns": "ip-10-0-12-30.eu-west-1.compute.internal",
                            "private_ip": "10.0.12.30",
                            "public_dns": "ec2-34-243-69-29.eu-west-1.compute.amazonaws.com",
                            "public_ip": "34.243.69.29",
                            "root_block_device.#": "1",
                            "root_block_device.0.delete_on_termination": "true",
                            "root_block_device.0.iops": "100",
                            "root_block_device.0.volume_id": "vol-05353ca7a62a05e8f",
                            "root_block_device.0.volume_size": "8",
                            "root_block_device.0.volume_type": "gp2",
                            "security_groups.#": "0",
                            "source_dest_check": "true",
                            "subnet_id": "subnet-03908026eb72659e1",
                            "tags.%": "3",
                            "tags.Environment": "dev",
                            "tags.Name": "dev-REDIS002",
                            "tags.sshUser": "ubuntu",
                            "tenancy": "default",
                            "volume_tags.%": "0",
                            "vpc_security_group_ids.#": "1",
                            "vpc_security_group_ids.1647273248": "sg-0e8a3591db0682416"
                        },
                        "meta": {
                            "e2bfb730-ecaa-11e6-8f88-34363bc7c4c0": {
                                "create": 600000000000,
                                "delete": 1200000000000,
                                "update": 600000000000
                            },
                            "schema_version": "1"
                        },
                        "tainted": false
                    },
                    "deposed": [],
                    "provider": "provider.aws"
                },
                "aws_instance.SQLA": {
                    "type": "aws_instance",
                    "depends_on": [
                        "aws_key_pair.keypair",
                        "aws_security_group.DBServerSG",
                        "aws_subnet.priv-db-az-a"
                    ],
                    "primary": {
                        "id": "i-0d3fc27176d61d948",
                        "attributes": {
                            "ami": "ami-2a7d75c0",
                            "arn": "arn:aws:ec2:eu-west-1:513361393569:instance/i-0d3fc27176d61d948",
                            "associate_public_ip_address": "false",
                            "availability_zone": "eu-west-1a",
                            "cpu_core_count": "2",
                            "cpu_threads_per_core": "1",
                            "credit_specification.#": "1",
                            "credit_specification.0.cpu_credits": "standard",
                            "disable_api_termination": "false",
                            "ebs_block_device.#": "0",
                            "ebs_optimized": "false",
                            "ephemeral_block_device.#": "0",
                            "get_password_data": "false",
                            "iam_instance_profile": "",
                            "id": "i-0d3fc27176d61d948",
                            "instance_state": "running",
                            "instance_type": "t2.large",
                            "ipv6_addresses.#": "0",
                            "key_name": "ec2key",
                            "monitoring": "false",
                            "network_interface.#": "0",
                            "password_data": "",
                            "placement_group": "",
                            "primary_network_interface_id": "eni-0a9bf160bc68058e0",
                            "private_dns": "ip-10-0-1-178.eu-west-1.compute.internal",
                            "private_ip": "10.0.1.178",
                            "public_dns": "",
                            "public_ip": "",
                            "root_block_device.#": "1",
                            "root_block_device.0.delete_on_termination": "true",
                            "root_block_device.0.iops": "100",
                            "root_block_device.0.volume_id": "vol-021ddb357394a9f92",
                            "root_block_device.0.volume_size": "8",
                            "root_block_device.0.volume_type": "gp2",
                            "security_groups.#": "0",
                            "source_dest_check": "true",
                            "subnet_id": "subnet-0e65b8cb35e8ef116",
                            "tags.%": "3",
                            "tags.Environment": "dev",
                            "tags.Name": "dev-SQL001",
                            "tags.sshUser": "ubuntu",
                            "tenancy": "default",
                            "volume_tags.%": "0",
                            "vpc_security_group_ids.#": "1",
                            "vpc_security_group_ids.1128002998": "sg-0f2db399ff2fda37d"
                        },
                        "meta": {
                            "e2bfb730-ecaa-11e6-8f88-34363bc7c4c0": {
                                "create": 600000000000,
                                "delete": 1200000000000,
                                "update": 600000000000
                            },
                            "schema_version": "1"
                        },
                        "tainted": false
                    },
                    "deposed": [],
                    "provider": "provider.aws"
                },
                "aws_instance.SQLB": {
                    "type": "aws_instance",
                    "depends_on": [
                        "aws_key_pair.keypair",
                        "aws_security_group.DBServerSG",
                        "aws_subnet.priv-db-az-b"
                    ],
                    "primary": {
                        "id": "i-0b79f2e994c3c70ca",
                        "attributes": {
                            "ami": "ami-2a7d75c0",
                            "arn": "arn:aws:ec2:eu-west-1:513361393569:instance/i-0b79f2e994c3c70ca",
                            "associate_public_ip_address": "false",
                            "availability_zone": "eu-west-1b",
                            "cpu_core_count": "2",
                            "cpu_threads_per_core": "1",
                            "credit_specification.#": "1",
                            "credit_specification.0.cpu_credits": "standard",
                            "disable_api_termination": "false",
                            "ebs_block_device.#": "0",
                            "ebs_optimized": "false",
                            "ephemeral_block_device.#": "0",
                            "get_password_data": "false",
                            "iam_instance_profile": "",
                            "id": "i-0b79f2e994c3c70ca",
                            "instance_state": "running",
                            "instance_type": "t2.large",
                            "ipv6_addresses.#": "0",
                            "key_name": "ec2key",
                            "monitoring": "false",
                            "network_interface.#": "0",
                            "password_data": "",
                            "placement_group": "",
                            "primary_network_interface_id": "eni-072b3878d0316c0ce",
                            "private_dns": "ip-10-0-2-87.eu-west-1.compute.internal",
                            "private_ip": "10.0.2.87",
                            "public_dns": "",
                            "public_ip": "",
                            "root_block_device.#": "1",
                            "root_block_device.0.delete_on_termination": "true",
                            "root_block_device.0.iops": "100",
                            "root_block_device.0.volume_id": "vol-0d7d314fefd5df997",
                            "root_block_device.0.volume_size": "8",
                            "root_block_device.0.volume_type": "gp2",
                            "security_groups.#": "0",
                            "source_dest_check": "true",
                            "subnet_id": "subnet-023c4157ba90f1805",
                            "tags.%": "3",
                            "tags.Environment": "dev",
                            "tags.Name": "dev-SQL002",
                            "tags.sshUser": "ubuntu",
                            "tenancy": "default",
                            "volume_tags.%": "0",
                            "vpc_security_group_ids.#": "1",
                            "vpc_security_group_ids.1128002998": "sg-0f2db399ff2fda37d"
                        },
                        "meta": {
                            "e2bfb730-ecaa-11e6-8f88-34363bc7c4c0": {
                                "create": 600000000000,
                                "delete": 1200000000000,
                                "update": 600000000000
                            },
                            "schema_version": "1"
                        },
                        "tainted": false
                    },
                    "deposed": [],
                    "provider": "provider.aws"
                },
                "aws_instance.SQLC": {
                    "type": "aws_instance",
                    "depends_on": [
                        "aws_key_pair.keypair",
                        "aws_security_group.DBServerSG",
                        "aws_subnet.priv-db-az-b"
                    ],
                    "primary": {
                        "id": "i-053f355b8dabfa838",
                        "attributes": {
                            "ami": "ami-2a7d75c0",
                            "arn": "arn:aws:ec2:eu-west-1:513361393569:instance/i-053f355b8dabfa838",
                            "associate_public_ip_address": "false",
                            "availability_zone": "eu-west-1b",
                            "cpu_core_count": "2",
                            "cpu_threads_per_core": "1",
                            "credit_specification.#": "1",
                            "credit_specification.0.cpu_credits": "standard",
                            "disable_api_termination": "false",
                            "ebs_block_device.#": "0",
                            "ebs_optimized": "false",
                            "ephemeral_block_device.#": "0",
                            "get_password_data": "false",
                            "iam_instance_profile": "",
                            "id": "i-053f355b8dabfa838",
                            "instance_state": "running",
                            "instance_type": "t2.large",
                            "ipv6_addresses.#": "0",
                            "key_name": "ec2key",
                            "monitoring": "false",
                            "network_interface.#": "0",
                            "password_data": "",
                            "placement_group": "",
                            "primary_network_interface_id": "eni-0626c4891b689ff6f",
                            "private_dns": "ip-10-0-2-16.eu-west-1.compute.internal",
                            "private_ip": "10.0.2.16",
                            "public_dns": "",
                            "public_ip": "",
                            "root_block_device.#": "1",
                            "root_block_device.0.delete_on_termination": "true",
                            "root_block_device.0.iops": "100",
                            "root_block_device.0.volume_id": "vol-0ba978660e89fd21f",
                            "root_block_device.0.volume_size": "8",
                            "root_block_device.0.volume_type": "gp2",
                            "security_groups.#": "0",
                            "source_dest_check": "true",
                            "subnet_id": "subnet-023c4157ba90f1805",
                            "tags.%": "3",
                            "tags.Environment": "dev",
                            "tags.Name": "dev-SQL003",
                            "tags.sshUser": "ubuntu",
                            "tenancy": "default",
                            "volume_tags.%": "0",
                            "vpc_security_group_ids.#": "1",
                            "vpc_security_group_ids.1128002998": "sg-0f2db399ff2fda37d"
                        },
                        "meta": {
                            "e2bfb730-ecaa-11e6-8f88-34363bc7c4c0": {
                                "create": 600000000000,
                                "delete": 1200000000000,
                                "update": 600000000000
                            },
                            "schema_version": "1"
                        },
                        "tainted": false
                    },
                    "deposed": [],
                    "provider": "provider.aws"
                },
                "aws_instance.WEBA": {
                    "type": "aws_instance",
                    "depends_on": [
                        "aws_key_pair.keypair",
                        "aws_security_group.WebserverSG",
                        "aws_subnet.pub-web-az-a"
                    ],
                    "primary": {
                        "id": "i-099b65eb40ff3a0dc",
                        "attributes": {
                            "ami": "ami-2a7d75c0",
                            "arn": "arn:aws:ec2:eu-west-1:513361393569:instance/i-099b65eb40ff3a0dc",
                            "associate_public_ip_address": "true",
                            "availability_zone": "eu-west-1a",
                            "cpu_core_count": "2",
                            "cpu_threads_per_core": "1",
                            "credit_specification.#": "1",
                            "credit_specification.0.cpu_credits": "standard",
                            "disable_api_termination": "false",
                            "ebs_block_device.#": "0",
                            "ebs_optimized": "false",
                            "ephemeral_block_device.#": "0",
                            "get_password_data": "false",
                            "iam_instance_profile": "",
                            "id": "i-099b65eb40ff3a0dc",
                            "instance_state": "running",
                            "instance_type": "t2.medium",
                            "ipv6_addresses.#": "0",
                            "key_name": "ec2key",
                            "monitoring": "false",
                            "network_interface.#": "0",
                            "password_data": "",
                            "placement_group": "",
                            "primary_network_interface_id": "eni-0b1553c43cd23aee6",
                            "private_dns": "ip-10-0-11-52.eu-west-1.compute.internal",
                            "private_ip": "10.0.11.52",
                            "public_dns": "ec2-34-244-67-168.eu-west-1.compute.amazonaws.com",
                            "public_ip": "34.244.67.168",
                            "root_block_device.#": "1",
                            "root_block_device.0.delete_on_termination": "true",
                            "root_block_device.0.iops": "100",
                            "root_block_device.0.volume_id": "vol-0cea4f6ab955d14a2",
                            "root_block_device.0.volume_size": "8",
                            "root_block_device.0.volume_type": "gp2",
                            "security_groups.#": "0",
                            "source_dest_check": "true",
                            "subnet_id": "subnet-0b2394d1b5783e251",
                            "tags.%": "3",
                            "tags.Environment": "dev",
                            "tags.Name": "dev-WEB001",
                            "tags.sshUser": "ubuntu",
                            "tenancy": "default",
                            "volume_tags.%": "0",
                            "vpc_security_group_ids.#": "1",
                            "vpc_security_group_ids.1647273248": "sg-0e8a3591db0682416"
                        },
                        "meta": {
                            "e2bfb730-ecaa-11e6-8f88-34363bc7c4c0": {
                                "create": 600000000000,
                                "delete": 1200000000000,
                                "update": 600000000000
                            },
                            "schema_version": "1"
                        },
                        "tainted": false
                    },
                    "deposed": [],
                    "provider": "provider.aws"
                },
                "aws_instance.WEBB": {
                    "type": "aws_instance",
                    "depends_on": [
                        "aws_key_pair.keypair",
                        "aws_security_group.WebserverSG",
                        "aws_subnet.pub-web-az-b"
                    ],
                    "primary": {
                        "id": "i-0dfdf859371f17d55",
                        "attributes": {
                            "ami": "ami-2a7d75c0",
                            "arn": "arn:aws:ec2:eu-west-1:513361393569:instance/i-0dfdf859371f17d55",
                            "associate_public_ip_address": "true",
                            "availability_zone": "eu-west-1b",
                            "cpu_core_count": "2",
                            "cpu_threads_per_core": "1",
                            "credit_specification.#": "1",
                            "credit_specification.0.cpu_credits": "standard",
                            "disable_api_termination": "false",
                            "ebs_block_device.#": "0",
                            "ebs_optimized": "false",
                            "ephemeral_block_device.#": "0",
                            "get_password_data": "false",
                            "iam_instance_profile": "",
                            "id": "i-0dfdf859371f17d55",
                            "instance_state": "running",
                            "instance_type": "t2.medium",
                            "ipv6_addresses.#": "0",
                            "key_name": "ec2key",
                            "monitoring": "false",
                            "network_interface.#": "0",
                            "password_data": "",
                            "placement_group": "",
                            "primary_network_interface_id": "eni-085086692fe4492f3",
                            "private_dns": "ip-10-0-12-13.eu-west-1.compute.internal",
                            "private_ip": "10.0.12.13",
                            "public_dns": "ec2-34-244-118-201.eu-west-1.compute.amazonaws.com",
                            "public_ip": "34.244.118.201",
                            "root_block_device.#": "1",
                            "root_block_device.0.delete_on_termination": "true",
                            "root_block_device.0.iops": "100",
                            "root_block_device.0.volume_id": "vol-0684109b7c07a8812",
                            "root_block_device.0.volume_size": "8",
                            "root_block_device.0.volume_type": "gp2",
                            "security_groups.#": "0",
                            "source_dest_check": "true",
                            "subnet_id": "subnet-03908026eb72659e1",
                            "tags.%": "3",
                            "tags.Environment": "dev",
                            "tags.Name": "dev-WEB002",
                            "tags.sshUser": "ubuntu",
                            "tenancy": "default",
                            "volume_tags.%": "0",
                            "vpc_security_group_ids.#": "1",
                            "vpc_security_group_ids.1647273248": "sg-0e8a3591db0682416"
                        },
                        "meta": {
                            "e2bfb730-ecaa-11e6-8f88-34363bc7c4c0": {
                                "create": 600000000000,
                                "delete": 1200000000000,
                                "update": 600000000000
                            },
                            "schema_version": "1"
                        },
                        "tainted": false
                    },
                    "deposed": [],
                    "provider": "provider.aws"
                },
                "aws_internet_gateway.inetgw": {
                    "type": "aws_internet_gateway",
                    "depends_on": [
                        "aws_vpc.gitlabha"
                    ],
                    "primary": {
                        "id": "igw-05a45a3163391b294",
                        "attributes": {
                            "id": "igw-05a45a3163391b294",
                            "owner_id": "513361393569",
                            "tags.%": "1",
                            "tags.Name": "IGW-VPC-dev-Default",
                            "vpc_id": "vpc-0d623120e0d5401f9"
                        },
                        "meta": {},
                        "tainted": false
                    },
                    "deposed": [],
                    "provider": "provider.aws"
                },
                "aws_key_pair.keypair": {
                    "type": "aws_key_pair",
                    "depends_on": [
                        "tls_private_key.privkey"
                    ],
                    "primary": {
                        "id": "ec2key",
                        "attributes": {
                            "fingerprint": "91:65:c4:a6:a7:5f:ab:89:12:32:47:84:91:85:ba:0c",
                            "id": "ec2key",
                            "key_name": "ec2key",
                            "public_key": "ssh-rsa AAAAB3NzaC1yc2EAAAADAQABAAACAQDhWr4GkMXCO4jERiHDCtLWgQF+ozm/zrPrt9Eg2JbYXJNpEOLtbqJqqVGRuYY10ta4ehssumAVo19E5Xf2adm16c5NUzt6KgwVpRLsjj8iQ7cu7S9OhO10qIiw8L6bt4RPp82ilktFlPcPLVO2v2LyGdWm/dFRkzg6b5aBK6KG2sQRer+geVq3wMf0VM8ZyZL5TmdEGgZZHz2GJ33/D8s1nLwPgy6ytf3lduI5P728zqjaNidlwAZbxL20vL83QZPdQT1H2g8/g4GiXlX6dpWUQdbVXZqoOspTtoOmvGIcL/CtUigiz6wPA6HNHaEXOXPgOvJKz3Ij91uwL/5Xgl00aB/inhtLNmMsO+mylBfVDZtWSiyZpi1jwS74EXuhTC6JKwNcr/CXVKtqK8UXu6Epc1JTY3WmG2AUb06KeVu/Jp+CBcmo1O+f3nhkFcBiDahza8B3QxtvFVHKvHjoMiEszpDuJxJU0crFgh0OtVduKgq3SQxxETAIkA04tPqEH8CFzb+S5Pr4Bqq0KA1sDAR09S3YZxkYgPSqLP5P8t3uCZ8zs5F/r3H/GTAALrUdfBzzL/lrmcIMwRPd6yOzodWK3Cbz0gRgJ5O++lFX7bhUnErUkNr6EfkN2EDdNiCuEZ218+2aiPiATnmVw8W4dvYXlWJ6C3nF71WsOcpKF4plmw=="
                        },
                        "meta": {
                            "schema_version": "1"
                        },
                        "tainted": false
                    },
                    "deposed": [],
                    "provider": "provider.aws"
                },
                "aws_lb_cookie_stickiness_policy.gitlab": {
                    "type": "aws_lb_cookie_stickiness_policy",
                    "depends_on": [
                        "aws_elb.lb"
                    ],
                    "primary": {
                        "id": "dev-20190509190210544700000001:80:gitlab-policy",
                        "attributes": {
                            "cookie_expiration_period": "600",
                            "id": "dev-20190509190210544700000001:80:gitlab-policy",
                            "lb_port": "80",
                            "load_balancer": "dev-20190509190210544700000001",
                            "name": "gitlab-policy"
                        },
                        "meta": {},
                        "tainted": false
                    },
                    "deposed": [],
                    "provider": "provider.aws"
                },
                "aws_route_table.eu-default": {
                    "type": "aws_route_table",
                    "depends_on": [
                        "aws_internet_gateway.inetgw",
                        "aws_vpc.gitlabha"
                    ],
                    "primary": {
                        "id": "rtb-0d4553c7fb0e6fca1",
                        "attributes": {
                            "id": "rtb-0d4553c7fb0e6fca1",
                            "owner_id": "513361393569",
                            "propagating_vgws.#": "0",
                            "route.#": "1",
                            "route.614068511.cidr_block": "0.0.0.0/0",
                            "route.614068511.egress_only_gateway_id": "",
                            "route.614068511.gateway_id": "igw-05a45a3163391b294",
                            "route.614068511.instance_id": "",
                            "route.614068511.ipv6_cidr_block": "",
                            "route.614068511.nat_gateway_id": "",
                            "route.614068511.network_interface_id": "",
                            "route.614068511.transit_gateway_id": "",
                            "route.614068511.vpc_peering_connection_id": "",
                            "tags.%": "1",
                            "tags.Name": "Route-Table-EU-Default",
                            "vpc_id": "vpc-0d623120e0d5401f9"
                        },
                        "meta": {},
                        "tainted": false
                    },
                    "deposed": [],
                    "provider": "provider.aws"
                },
                "aws_route_table_association.eu-west-1a-private": {
                    "type": "aws_route_table_association",
                    "depends_on": [
                        "aws_route_table.eu-default",
                        "aws_subnet.priv-db-az-a"
                    ],
                    "primary": {
                        "id": "rtbassoc-0d7694d12422e27fa",
                        "attributes": {
                            "id": "rtbassoc-0d7694d12422e27fa",
                            "route_table_id": "rtb-0d4553c7fb0e6fca1",
                            "subnet_id": "subnet-0e65b8cb35e8ef116"
                        },
                        "meta": {},
                        "tainted": false
                    },
                    "deposed": [],
                    "provider": "provider.aws"
                },
                "aws_route_table_association.eu-west-1a-public": {
                    "type": "aws_route_table_association",
                    "depends_on": [
                        "aws_route_table.eu-default",
                        "aws_subnet.pub-web-az-a"
                    ],
                    "primary": {
                        "id": "rtbassoc-06857c4b87ea3ddad",
                        "attributes": {
                            "id": "rtbassoc-06857c4b87ea3ddad",
                            "route_table_id": "rtb-0d4553c7fb0e6fca1",
                            "subnet_id": "subnet-0b2394d1b5783e251"
                        },
                        "meta": {},
                        "tainted": false
                    },
                    "deposed": [],
                    "provider": "provider.aws"
                },
                "aws_route_table_association.eu-west-1b-private": {
                    "type": "aws_route_table_association",
                    "depends_on": [
                        "aws_route_table.eu-default",
                        "aws_subnet.priv-db-az-b"
                    ],
                    "primary": {
                        "id": "rtbassoc-0639fe0c2afb58377",
                        "attributes": {
                            "id": "rtbassoc-0639fe0c2afb58377",
                            "route_table_id": "rtb-0d4553c7fb0e6fca1",
                            "subnet_id": "subnet-023c4157ba90f1805"
                        },
                        "meta": {},
                        "tainted": false
                    },
                    "deposed": [],
                    "provider": "provider.aws"
                },
                "aws_route_table_association.eu-west-1b-public": {
                    "type": "aws_route_table_association",
                    "depends_on": [
                        "aws_route_table.eu-default",
                        "aws_subnet.pub-web-az-b"
                    ],
                    "primary": {
                        "id": "rtbassoc-0c34db12e6694d438",
                        "attributes": {
                            "id": "rtbassoc-0c34db12e6694d438",
                            "route_table_id": "rtb-0d4553c7fb0e6fca1",
                            "subnet_id": "subnet-03908026eb72659e1"
                        },
                        "meta": {},
                        "tainted": false
                    },
                    "deposed": [],
                    "provider": "provider.aws"
                },
                "aws_security_group.DBServerSG": {
                    "type": "aws_security_group",
                    "depends_on": [
                        "aws_security_group.WebserverSG",
                        "aws_security_group.bastionhostSG",
                        "aws_vpc.gitlabha"
                    ],
                    "primary": {
                        "id": "sg-0f2db399ff2fda37d",
                        "attributes": {
                            "arn": "arn:aws:ec2:eu-west-1:513361393569:security-group/sg-0f2db399ff2fda37d",
                            "description": "Security group for database servers",
                            "egress.#": "2",
                            "egress.745830744.cidr_blocks.#": "0",
                            "egress.745830744.description": "",
                            "egress.745830744.from_port": "3128",
                            "egress.745830744.ipv6_cidr_blocks.#": "0",
                            "egress.745830744.prefix_list_ids.#": "0",
                            "egress.745830744.protocol": "TCP",
                            "egress.745830744.security_groups.#": "1",
                            "egress.745830744.security_groups.916075648": "sg-0c9043cd8f71becab",
                            "egress.745830744.self": "false",
                            "egress.745830744.to_port": "3128",
                            "egress.753360330.cidr_blocks.#": "0",
                            "egress.753360330.description": "",
                            "egress.753360330.from_port": "0",
                            "egress.753360330.ipv6_cidr_blocks.#": "0",
                            "egress.753360330.prefix_list_ids.#": "0",
                            "egress.753360330.protocol": "-1",
                            "egress.753360330.security_groups.#": "0",
                            "egress.753360330.self": "true",
                            "egress.753360330.to_port": "0",
                            "id": "sg-0f2db399ff2fda37d",
                            "ingress.#": "4",
                            "ingress.3584849023.cidr_blocks.#": "0",
                            "ingress.3584849023.description": "Allow incoming SSH traffic from Bastion Host",
                            "ingress.3584849023.from_port": "22",
                            "ingress.3584849023.ipv6_cidr_blocks.#": "0",
                            "ingress.3584849023.prefix_list_ids.#": "0",
                            "ingress.3584849023.protocol": "TCP",
                            "ingress.3584849023.security_groups.#": "1",
                            "ingress.3584849023.security_groups.916075648": "sg-0c9043cd8f71becab",
                            "ingress.3584849023.self": "false",
                            "ingress.3584849023.to_port": "22",
                            "ingress.3617402493.cidr_blocks.#": "0",
                            "ingress.3617402493.description": "Allow incoming PostgreSQL traffic from webservers",
                            "ingress.3617402493.from_port": "6432",
                            "ingress.3617402493.ipv6_cidr_blocks.#": "0",
                            "ingress.3617402493.prefix_list_ids.#": "0",
                            "ingress.3617402493.protocol": "TCP",
                            "ingress.3617402493.security_groups.#": "1",
                            "ingress.3617402493.security_groups.1647273248": "sg-0e8a3591db0682416",
                            "ingress.3617402493.self": "false",
                            "ingress.3617402493.to_port": "6432",
                            "ingress.4235070178.cidr_blocks.#": "0",
                            "ingress.4235070178.description": "Allow incoming ICMP from management IPs",
                            "ingress.4235070178.from_port": "-1",
                            "ingress.4235070178.ipv6_cidr_blocks.#": "0",
                            "ingress.4235070178.prefix_list_ids.#": "0",
                            "ingress.4235070178.protocol": "ICMP",
                            "ingress.4235070178.security_groups.#": "1",
                            "ingress.4235070178.security_groups.916075648": "sg-0c9043cd8f71becab",
                            "ingress.4235070178.self": "false",
                            "ingress.4235070178.to_port": "-1",
                            "ingress.753360330.cidr_blocks.#": "0",
                            "ingress.753360330.description": "",
                            "ingress.753360330.from_port": "0",
                            "ingress.753360330.ipv6_cidr_blocks.#": "0",
                            "ingress.753360330.prefix_list_ids.#": "0",
                            "ingress.753360330.protocol": "-1",
                            "ingress.753360330.security_groups.#": "0",
                            "ingress.753360330.self": "true",
                            "ingress.753360330.to_port": "0",
                            "name": "DBServerSG",
                            "owner_id": "513361393569",
                            "revoke_rules_on_delete": "false",
                            "tags.%": "1",
                            "tags.Name": "SG-DBServer",
                            "vpc_id": "vpc-0d623120e0d5401f9"
                        },
                        "meta": {
                            "e2bfb730-ecaa-11e6-8f88-34363bc7c4c0": {
                                "create": 600000000000,
                                "delete": 600000000000
                            },
                            "schema_version": "1"
                        },
                        "tainted": false
                    },
                    "deposed": [],
                    "provider": "provider.aws"
                },
                "aws_security_group.LoadBalancerSG": {
                    "type": "aws_security_group",
                    "depends_on": [
                        "aws_security_group.WebserverSG",
                        "aws_vpc.gitlabha"
                    ],
                    "primary": {
                        "id": "sg-0f7bcadf4f2516b7f",
                        "attributes": {
                            "arn": "arn:aws:ec2:eu-west-1:513361393569:security-group/sg-0f7bcadf4f2516b7f",
                            "description": "Security group for load-balancers",
                            "egress.#": "2",
                            "egress.2436533474.cidr_blocks.#": "0",
                            "egress.2436533474.description": "",
                            "egress.2436533474.from_port": "80",
                            "egress.2436533474.ipv6_cidr_blocks.#": "0",
                            "egress.2436533474.prefix_list_ids.#": "0",
                            "egress.2436533474.protocol": "TCP",
                            "egress.2436533474.security_groups.#": "1",
                            "egress.2436533474.security_groups.1647273248": "sg-0e8a3591db0682416",
                            "egress.2436533474.self": "false",
                            "egress.2436533474.to_port": "80",
                            "egress.417035536.cidr_blocks.#": "0",
                            "egress.417035536.description": "",
                            "egress.417035536.from_port": "443",
                            "egress.417035536.ipv6_cidr_blocks.#": "0",
                            "egress.417035536.prefix_list_ids.#": "0",
                            "egress.417035536.protocol": "TCP",
                            "egress.417035536.security_groups.#": "1",
                            "egress.417035536.security_groups.1647273248": "sg-0e8a3591db0682416",
                            "egress.417035536.self": "false",
                            "egress.417035536.to_port": "443",
                            "id": "sg-0f7bcadf4f2516b7f",
                            "ingress.#": "2",
                            "ingress.2585648496.cidr_blocks.#": "1",
                            "ingress.2585648496.cidr_blocks.0": "0.0.0.0/0",
                            "ingress.2585648496.description": "Allow incoming HTTPS traffic from anywhere",
                            "ingress.2585648496.from_port": "443",
                            "ingress.2585648496.ipv6_cidr_blocks.#": "0",
                            "ingress.2585648496.prefix_list_ids.#": "0",
                            "ingress.2585648496.protocol": "TCP",
                            "ingress.2585648496.security_groups.#": "0",
                            "ingress.2585648496.self": "false",
                            "ingress.2585648496.to_port": "443",
                            "ingress.3373133367.cidr_blocks.#": "1",
                            "ingress.3373133367.cidr_blocks.0": "0.0.0.0/0",
                            "ingress.3373133367.description": "Allow incoming HTTP traffic from anywhere",
                            "ingress.3373133367.from_port": "80",
                            "ingress.3373133367.ipv6_cidr_blocks.#": "0",
                            "ingress.3373133367.prefix_list_ids.#": "0",
                            "ingress.3373133367.protocol": "TCP",
                            "ingress.3373133367.security_groups.#": "0",
                            "ingress.3373133367.self": "false",
                            "ingress.3373133367.to_port": "80",
                            "name": "LoadBalancerSG",
                            "owner_id": "513361393569",
                            "revoke_rules_on_delete": "false",
                            "tags.%": "1",
                            "tags.Name": "SG-Loadbalancer",
                            "vpc_id": "vpc-0d623120e0d5401f9"
                        },
                        "meta": {
                            "e2bfb730-ecaa-11e6-8f88-34363bc7c4c0": {
                                "create": 600000000000,
                                "delete": 600000000000
                            },
                            "schema_version": "1"
                        },
                        "tainted": false
                    },
                    "deposed": [],
                    "provider": "provider.aws"
                },
                "aws_security_group.WebserverSG": {
                    "type": "aws_security_group",
                    "depends_on": [
                        "aws_security_group.bastionhostSG",
                        "aws_vpc.gitlabha"
                    ],
                    "primary": {
                        "id": "sg-0e8a3591db0682416",
                        "attributes": {
                            "arn": "arn:aws:ec2:eu-west-1:513361393569:security-group/sg-0e8a3591db0682416",
                            "description": "Security group for webservers",
                            "egress.#": "3",
                            "egress.3478769968.cidr_blocks.#": "1",
                            "egress.3478769968.cidr_blocks.0": "0.0.0.0/0",
                            "egress.3478769968.description": "Allow all outgoing traffic",
                            "egress.3478769968.from_port": "0",
                            "egress.3478769968.ipv6_cidr_blocks.#": "0",
                            "egress.3478769968.prefix_list_ids.#": "0",
                            "egress.3478769968.protocol": "-1",
                            "egress.3478769968.security_groups.#": "0",
                            "egress.3478769968.self": "false",
                            "egress.3478769968.to_port": "0",
                            "egress.745830744.cidr_blocks.#": "0",
                            "egress.745830744.description": "",
                            "egress.745830744.from_port": "3128",
                            "egress.745830744.ipv6_cidr_blocks.#": "0",
                            "egress.745830744.prefix_list_ids.#": "0",
                            "egress.745830744.protocol": "TCP",
                            "egress.745830744.security_groups.#": "1",
                            "egress.745830744.security_groups.916075648": "sg-0c9043cd8f71becab",
                            "egress.745830744.self": "false",
                            "egress.745830744.to_port": "3128",
                            "egress.753360330.cidr_blocks.#": "0",
                            "egress.753360330.description": "",
                            "egress.753360330.from_port": "0",
                            "egress.753360330.ipv6_cidr_blocks.#": "0",
                            "egress.753360330.prefix_list_ids.#": "0",
                            "egress.753360330.protocol": "-1",
                            "egress.753360330.security_groups.#": "0",
                            "egress.753360330.self": "true",
                            "egress.753360330.to_port": "0",
                            "id": "sg-0e8a3591db0682416",
                            "ingress.#": "3",
                            "ingress.3584849023.cidr_blocks.#": "0",
                            "ingress.3584849023.description": "Allow incoming SSH traffic from Bastion Host",
                            "ingress.3584849023.from_port": "22",
                            "ingress.3584849023.ipv6_cidr_blocks.#": "0",
                            "ingress.3584849023.prefix_list_ids.#": "0",
                            "ingress.3584849023.protocol": "TCP",
                            "ingress.3584849023.security_groups.#": "1",
                            "ingress.3584849023.security_groups.916075648": "sg-0c9043cd8f71becab",
                            "ingress.3584849023.self": "false",
                            "ingress.3584849023.to_port": "22",
                            "ingress.4235070178.cidr_blocks.#": "0",
                            "ingress.4235070178.description": "Allow incoming ICMP from management IPs",
                            "ingress.4235070178.from_port": "-1",
                            "ingress.4235070178.ipv6_cidr_blocks.#": "0",
                            "ingress.4235070178.prefix_list_ids.#": "0",
                            "ingress.4235070178.protocol": "ICMP",
                            "ingress.4235070178.security_groups.#": "1",
                            "ingress.4235070178.security_groups.916075648": "sg-0c9043cd8f71becab",
                            "ingress.4235070178.self": "false",
                            "ingress.4235070178.to_port": "-1",
                            "ingress.753360330.cidr_blocks.#": "0",
                            "ingress.753360330.description": "",
                            "ingress.753360330.from_port": "0",
                            "ingress.753360330.ipv6_cidr_blocks.#": "0",
                            "ingress.753360330.prefix_list_ids.#": "0",
                            "ingress.753360330.protocol": "-1",
                            "ingress.753360330.security_groups.#": "0",
                            "ingress.753360330.self": "true",
                            "ingress.753360330.to_port": "0",
                            "name": "WebserverSG",
                            "owner_id": "513361393569",
                            "revoke_rules_on_delete": "false",
                            "tags.%": "1",
                            "tags.Name": "SG-WebServer",
                            "vpc_id": "vpc-0d623120e0d5401f9"
                        },
                        "meta": {
                            "e2bfb730-ecaa-11e6-8f88-34363bc7c4c0": {
                                "create": 600000000000,
                                "delete": 600000000000
                            },
                            "schema_version": "1"
                        },
                        "tainted": false
                    },
                    "deposed": [],
                    "provider": "provider.aws"
                },
                "aws_security_group.bastionhostSG": {
                    "type": "aws_security_group",
                    "depends_on": [
                        "aws_vpc.gitlabha"
                    ],
                    "primary": {
                        "id": "sg-0c9043cd8f71becab",
                        "attributes": {
                            "arn": "arn:aws:ec2:eu-west-1:513361393569:security-group/sg-0c9043cd8f71becab",
                            "description": "Security group for bastion hosts",
                            "egress.#": "1",
                            "egress.3478769968.cidr_blocks.#": "1",
                            "egress.3478769968.cidr_blocks.0": "0.0.0.0/0",
                            "egress.3478769968.description": "Allow all outgoing traffic",
                            "egress.3478769968.from_port": "0",
                            "egress.3478769968.ipv6_cidr_blocks.#": "0",
                            "egress.3478769968.prefix_list_ids.#": "0",
                            "egress.3478769968.protocol": "-1",
                            "egress.3478769968.security_groups.#": "0",
                            "egress.3478769968.self": "false",
                            "egress.3478769968.to_port": "0",
                            "id": "sg-0c9043cd8f71becab",
                            "ingress.#": "2",
                            "ingress.3280446951.cidr_blocks.#": "1",
                            "ingress.3280446951.cidr_blocks.0": "0.0.0.0/0",
                            "ingress.3280446951.description": "Allow incoming SSH from management IPs",
                            "ingress.3280446951.from_port": "22",
                            "ingress.3280446951.ipv6_cidr_blocks.#": "0",
                            "ingress.3280446951.prefix_list_ids.#": "0",
                            "ingress.3280446951.protocol": "TCP",
                            "ingress.3280446951.security_groups.#": "0",
                            "ingress.3280446951.self": "false",
                            "ingress.3280446951.to_port": "22",
                            "ingress.952821519.cidr_blocks.#": "1",
                            "ingress.952821519.cidr_blocks.0": "0.0.0.0/0",
                            "ingress.952821519.description": "Allow incoming ICMP from management IPs",
                            "ingress.952821519.from_port": "-1",
                            "ingress.952821519.ipv6_cidr_blocks.#": "0",
                            "ingress.952821519.prefix_list_ids.#": "0",
                            "ingress.952821519.protocol": "ICMP",
                            "ingress.952821519.security_groups.#": "0",
                            "ingress.952821519.self": "false",
                            "ingress.952821519.to_port": "-1",
                            "name": "BastionHostSG",
                            "owner_id": "513361393569",
                            "revoke_rules_on_delete": "false",
                            "tags.%": "1",
                            "tags.Name": "SG-Bastionhost",
                            "vpc_id": "vpc-0d623120e0d5401f9"
                        },
                        "meta": {
                            "e2bfb730-ecaa-11e6-8f88-34363bc7c4c0": {
                                "create": 600000000000,
                                "delete": 600000000000
                            },
                            "schema_version": "1"
                        },
                        "tainted": false
                    },
                    "deposed": [],
                    "provider": "provider.aws"
                },
                "aws_security_group_rule.dbproxyaccess": {
                    "type": "aws_security_group_rule",
                    "depends_on": [
                        "aws_security_group.DBServerSG",
                        "aws_security_group.bastionhostSG"
                    ],
                    "primary": {
                        "id": "sgrule-3602907658",
                        "attributes": {
                            "description": "Allow Squid proxy access from database servers",
                            "from_port": "3128",
                            "id": "sgrule-3602907658",
                            "protocol": "tcp",
                            "security_group_id": "sg-0c9043cd8f71becab",
                            "self": "false",
                            "source_security_group_id": "sg-0f2db399ff2fda37d",
                            "to_port": "3128",
                            "type": "ingress"
                        },
                        "meta": {
                            "schema_version": "2"
                        },
                        "tainted": false
                    },
                    "deposed": [],
                    "provider": "provider.aws"
                },
                "aws_security_group_rule.lbhttpaccess": {
                    "type": "aws_security_group_rule",
                    "depends_on": [
                        "aws_security_group.LoadBalancerSG",
                        "aws_security_group.WebserverSG"
                    ],
                    "primary": {
                        "id": "sgrule-3021375714",
                        "attributes": {
                            "description": "Allow Squid proxy access from loadbalancers",
                            "from_port": "80",
                            "id": "sgrule-3021375714",
                            "protocol": "tcp",
                            "security_group_id": "sg-0e8a3591db0682416",
                            "self": "false",
                            "source_security_group_id": "sg-0f7bcadf4f2516b7f",
                            "to_port": "80",
                            "type": "ingress"
                        },
                        "meta": {
                            "schema_version": "2"
                        },
                        "tainted": false
                    },
                    "deposed": [],
                    "provider": "provider.aws"
                },
                "aws_security_group_rule.lbhttpsaccess": {
                    "type": "aws_security_group_rule",
                    "depends_on": [
                        "aws_security_group.LoadBalancerSG",
                        "aws_security_group.WebserverSG"
                    ],
                    "primary": {
                        "id": "sgrule-3215959574",
                        "attributes": {
                            "description": "Allow Squid proxy access from loadbalancers",
                            "from_port": "443",
                            "id": "sgrule-3215959574",
                            "protocol": "tcp",
                            "security_group_id": "sg-0e8a3591db0682416",
                            "self": "false",
                            "source_security_group_id": "sg-0f7bcadf4f2516b7f",
                            "to_port": "443",
                            "type": "ingress"
                        },
                        "meta": {
                            "schema_version": "2"
                        },
                        "tainted": false
                    },
                    "deposed": [],
                    "provider": "provider.aws"
                },
                "aws_security_group_rule.webproxyaccess": {
                    "type": "aws_security_group_rule",
                    "depends_on": [
                        "aws_security_group.WebserverSG",
                        "aws_security_group.bastionhostSG"
                    ],
                    "primary": {
                        "id": "sgrule-30711238",
                        "attributes": {
                            "description": "Allow Squid proxy access from webservers",
                            "from_port": "3128",
                            "id": "sgrule-30711238",
                            "protocol": "tcp",
                            "security_group_id": "sg-0c9043cd8f71becab",
                            "self": "false",
                            "source_security_group_id": "sg-0e8a3591db0682416",
                            "to_port": "3128",
                            "type": "ingress"
                        },
                        "meta": {
                            "schema_version": "2"
                        },
                        "tainted": false
                    },
                    "deposed": [],
                    "provider": "provider.aws"
                },
                "aws_subnet.priv-db-az-a": {
                    "type": "aws_subnet",
                    "depends_on": [
                        "aws_vpc.gitlabha"
                    ],
                    "primary": {
                        "id": "subnet-0e65b8cb35e8ef116",
                        "attributes": {
                            "arn": "arn:aws:ec2:eu-west-1:513361393569:subnet/subnet-0e65b8cb35e8ef116",
                            "assign_ipv6_address_on_creation": "false",
                            "availability_zone": "eu-west-1a",
                            "availability_zone_id": "euw1-az2",
                            "cidr_block": "10.0.1.0/24",
                            "id": "subnet-0e65b8cb35e8ef116",
                            "ipv6_cidr_block": "",
                            "ipv6_cidr_block_association_id": "",
                            "map_public_ip_on_launch": "false",
                            "owner_id": "513361393569",
                            "tags.%": "1",
                            "tags.Name": "Subnet-EU-West-1a-DB",
                            "vpc_id": "vpc-0d623120e0d5401f9"
                        },
                        "meta": {
                            "e2bfb730-ecaa-11e6-8f88-34363bc7c4c0": {
                                "create": 600000000000,
                                "delete": 600000000000
                            },
                            "schema_version": "1"
                        },
                        "tainted": false
                    },
                    "deposed": [],
                    "provider": "provider.aws"
                },
                "aws_subnet.priv-db-az-b": {
                    "type": "aws_subnet",
                    "depends_on": [
                        "aws_vpc.gitlabha"
                    ],
                    "primary": {
                        "id": "subnet-023c4157ba90f1805",
                        "attributes": {
                            "arn": "arn:aws:ec2:eu-west-1:513361393569:subnet/subnet-023c4157ba90f1805",
                            "assign_ipv6_address_on_creation": "false",
                            "availability_zone": "eu-west-1b",
                            "availability_zone_id": "euw1-az3",
                            "cidr_block": "10.0.2.0/24",
                            "id": "subnet-023c4157ba90f1805",
                            "ipv6_cidr_block": "",
                            "ipv6_cidr_block_association_id": "",
                            "map_public_ip_on_launch": "false",
                            "owner_id": "513361393569",
                            "tags.%": "1",
                            "tags.Name": "Subnet-EU-West-1b-DB",
                            "vpc_id": "vpc-0d623120e0d5401f9"
                        },
                        "meta": {
                            "e2bfb730-ecaa-11e6-8f88-34363bc7c4c0": {
                                "create": 600000000000,
                                "delete": 600000000000
                            },
                            "schema_version": "1"
                        },
                        "tainted": false
                    },
                    "deposed": [],
                    "provider": "provider.aws"
                },
                "aws_subnet.pub-web-az-a": {
                    "type": "aws_subnet",
                    "depends_on": [
                        "aws_vpc.gitlabha"
                    ],
                    "primary": {
                        "id": "subnet-0b2394d1b5783e251",
                        "attributes": {
                            "arn": "arn:aws:ec2:eu-west-1:513361393569:subnet/subnet-0b2394d1b5783e251",
                            "assign_ipv6_address_on_creation": "false",
                            "availability_zone": "eu-west-1a",
                            "availability_zone_id": "euw1-az2",
                            "cidr_block": "10.0.11.0/24",
                            "id": "subnet-0b2394d1b5783e251",
                            "ipv6_cidr_block": "",
                            "ipv6_cidr_block_association_id": "",
                            "map_public_ip_on_launch": "true",
                            "owner_id": "513361393569",
                            "tags.%": "1",
                            "tags.Name": "Subnet-EU-West-1a-Web",
                            "vpc_id": "vpc-0d623120e0d5401f9"
                        },
                        "meta": {
                            "e2bfb730-ecaa-11e6-8f88-34363bc7c4c0": {
                                "create": 600000000000,
                                "delete": 600000000000
                            },
                            "schema_version": "1"
                        },
                        "tainted": false
                    },
                    "deposed": [],
                    "provider": "provider.aws"
                },
                "aws_subnet.pub-web-az-b": {
                    "type": "aws_subnet",
                    "depends_on": [
                        "aws_vpc.gitlabha"
                    ],
                    "primary": {
                        "id": "subnet-03908026eb72659e1",
                        "attributes": {
                            "arn": "arn:aws:ec2:eu-west-1:513361393569:subnet/subnet-03908026eb72659e1",
                            "assign_ipv6_address_on_creation": "false",
                            "availability_zone": "eu-west-1b",
                            "availability_zone_id": "euw1-az3",
                            "cidr_block": "10.0.12.0/24",
                            "id": "subnet-03908026eb72659e1",
                            "ipv6_cidr_block": "",
                            "ipv6_cidr_block_association_id": "",
                            "map_public_ip_on_launch": "true",
                            "owner_id": "513361393569",
                            "tags.%": "1",
                            "tags.Name": "Subnet-EU-West-1b-Web",
                            "vpc_id": "vpc-0d623120e0d5401f9"
                        },
                        "meta": {
                            "e2bfb730-ecaa-11e6-8f88-34363bc7c4c0": {
                                "create": 600000000000,
                                "delete": 600000000000
                            },
                            "schema_version": "1"
                        },
                        "tainted": false
                    },
                    "deposed": [],
                    "provider": "provider.aws"
                },
                "aws_vpc.gitlabha": {
                    "type": "aws_vpc",
                    "depends_on": [],
                    "primary": {
                        "id": "vpc-0d623120e0d5401f9",
                        "attributes": {
                            "arn": "arn:aws:ec2:eu-west-1:513361393569:vpc/vpc-0d623120e0d5401f9",
                            "assign_generated_ipv6_cidr_block": "false",
                            "cidr_block": "10.0.0.0/16",
                            "default_network_acl_id": "acl-0bb426f579eab089f",
                            "default_route_table_id": "rtb-0e115086e2cb70c27",
                            "default_security_group_id": "sg-02cf0256f845ae2d4",
                            "dhcp_options_id": "dopt-04f09362",
                            "enable_classiclink": "false",
                            "enable_classiclink_dns_support": "false",
                            "enable_dns_hostnames": "true",
                            "enable_dns_support": "true",
                            "id": "vpc-0d623120e0d5401f9",
                            "instance_tenancy": "default",
                            "ipv6_association_id": "",
                            "ipv6_cidr_block": "",
                            "main_route_table_id": "rtb-0e115086e2cb70c27",
                            "owner_id": "513361393569",
                            "tags.%": "1",
                            "tags.Name": "VPC-dev"
                        },
                        "meta": {
                            "schema_version": "1"
                        },
                        "tainted": false
                    },
                    "deposed": [],
                    "provider": "provider.aws"
                },
                "tls_private_key.privkey": {
                    "type": "tls_private_key",
                    "depends_on": [],
                    "primary": {
                        "id": "874768c0573f85ee35688f91b96793940376786c",
                        "attributes": {
                            "algorithm": "RSA",
                            "ecdsa_curve": "P224",
                            "id": "874768c0573f85ee35688f91b96793940376786c",
                            "private_key_pem": "-----BEGIN RSA PRIVATE KEY-----\nMIIJKAIBAAKCAgEA4Vq+BpDFwjuIxEYhwwrS1oEBfqM5v86z67fRINiW2FyTaRDi\n7W6iaqlRkbmGNdLWuHobLLpgFaNfROV39mnZtenOTVM7eioMFaUS7I4/IkO3Lu0v\nToTtdKiIsPC+m7eET6fNopZLRZT3Dy1Ttr9i8hnVpv3RUZM4Om+WgSuihtrEEXq/\noHlat8DH9FTPGcmS+U5nRBoGWR89hid9/w/LNZy8D4MusrX95XbiOT+9vM6o2jYn\nZcAGW8S9tLy/N0GT3UE9R9oPP4OBol5V+naVlEHW1V2aqDrKU7aDprxiHC/wrVIo\nIs+sDwOhzR2hFzlz4DrySs9yI/dbsC/+V4JdNGgf4p4bSzZjLDvpspQX1Q2bVkos\nmaYtY8Eu+BF7oUwuiSsDXK/wl1SraivFF7uhKXNSU2N1phtgFG9OinlbvyafggXJ\nqNTvn954ZBXAYg2oc2vAd0MbbxVRyrx46DIhLM6Q7icSVNHKxYIdDrVXbioKt0kM\ncREwCJANOLT6hB/Ahc2/kuT6+AaqtCgNbAwEdPUt2GcZGID0qiz+T/Ld7gmfM7OR\nf69x/xkwAC61HXwc8y/5a5nCDMET3esjs6HVitwm89IEYCeTvvpRV+24VJxK1JDa\n+hH5DdhA3TYgrhGdtfPtmoj4gE55lcPFuHb2F5Viegt5xe9VrDnKSheKZZsCAwEA\nAQKCAgBFba6D2VCEIdFmHvFB5PDGE2LBgEpHdMhrw+sTQodey07DHOe9HMu/LsEp\ns03NAVMT7NK4egcmQ3oTgNrvuPbRG+JqYk09uvyUIpJs/PoodVJXi816VGvP+Ch8\n0v72fJiv7dPl1oYEPvvK2j0jXV1/l0QCucomZsP5BO4Kh8X/5CBp/jZRm3G+kQ9J\nkGNp33d/hY89JQN1q7FJxpsD3PrPXqV15gWaG4XIj1LtLl0ncUgGSo7iw0FyPm/v\n4gLLZFHI5dOacm0mNT7YJlY43xYAYjRs8fS3Bb3WArIWyY00f/SXgWtKJk8tJQJR\nbmJ2BEZV+/Mv5y+UMx41buPeVBSgf4kVZkRmz+0LRV+ZlubxcjObu0pWm3JNw1hl\nrH4Qs5vQ4xtMkCP/hBhTOijo231z8/P8HKhuPsiejjmtfCYVBHT3bFLZPF1VXIIY\nPn6mDlJTYmDRmfaz7z4Ivo0VgzWiEQmrhlmXku7p6QlF3YcRuuN07Rt60VtaDvUA\ngF72VbVmpdWuV9EfyrcfPlVt1B6BcFm6SUYUbw8R9UyjMOWGUPemjZhu5ahm6Aq3\npL1VeRICTMJ+1SFeZSdMgqJVw5+6m9U4JnLMATu/7yZYNtRAyb2R0My+thNwqzgR\n8YM0Uav/oMBXLIcHQvaSmxIIZYt+qQTiBp65T0fzzOjrj6028QKCAQEA/XjYU/sB\ntHwzkMZwP64MEGfcZ1Xr6gDo9vv+FcKOPJNCyw+25wRFj6+sZSypX1MKTogqj7Ls\nbyKzosym+8KDmwxT8AJvE1Ti274ozjDn1axJrDS3yB4m8+YQQRM101BX2btEn4IY\nArkaXbri1e3Hi1Z00FdtjYJwmp+jK+eH4578jwe7K6P3bqcfxA92zbqrLLW/oaKp\n/ccGWwLFJcrSSXssGXYlkqDXkCcmAt3XZpO+M8AEiw/mlgjyMjqxKZD+iSV0K8av\npkRsiy9UHg1qNRK9aff4o3PlYwQAdAjWwBGpWOD4nqjprtqxED2Cdns1cXkSVCPF\nAN337Pbhk77fAwKCAQEA45obyDHypxdggOfo2SecA96XdGEFBPoqw9UQQvTXJQCC\nf8x/0ZAip0dXc2UH0jPVKDa6bHioAiQhTghAM3huHVT6kSQAuUrj1eOX5Dw1Pupg\n14Tm0CzXd2WeDGh/fHULsghiKOA0VSrwiNLTJe8EYY0lxZ/6+ImbBejudexRffnY\nueO/XIl06YcfueIWcUQTXFQbHe50OpXIyYsmalJ5lLqCV+xOlhZJEL3mAe/4N8AQ\nXxjV6fZn3Ri4PytQuX6aGV6jXr7Hy8A5wyCNXNDrUPAN8Twx/oZ+GH6p8kVpR6DN\nAupZgfX5+cHXiE0yhUFHyxbLiycxqBIoZxZfUKaviQKCAQBSQKvanMKR4hgNrAdy\n8rThggKo2d4DgqYWt/Fc+FSV3ae4I3JUBzPXi8di0Zpo35aho1hEZ2iIK/elJcou\nOpHgd6CpavDGki5H5q5xMreYxB7oLfdRjk9PqGGv7F70IsdPVZDQPjQydgTTU7kW\neOHfGoAvt59KY4DM/G7D6Y9UUxxcAcNARyYdF0ico/QGkMPJb3UvK40EWFh8oip9\nuBKDW+AUpx1MNrudAMc5+OlUVS9MtcwDoHZQS7jkid1BwtaGhMvtBL2tM9kRVZtz\nYSEM9fbXc2uRByPx/LN09AVUMKcGu4KSYffrEPaScZNrhVHzb7l96lmcjWtNz1Om\nUTMnAoIBAQCND7RsTVig6sIq4pDUFdKCK3Ee9gqQXSQoH2NmvCyjiD9ZSbtmfLid\niH/QyysfwnQ36kN8ewNV4GKr5D02KUvF7icl0XSJYrr2k4pOMGqnxceji4EqQMCC\nBX8BHbr1ve0zuDJuNxb4Oha+Fjw7ZHoIo9xnMZHwfAiSjx1MBN01AKar/1VY2vCU\n0+R75n4WUSTWsmHkGSf8L100XIPAncEwxq+GIrVKHCHIuIlXZg0nMGh1KAVcbhVN\nWMbIj+YGMUr8skT6sa9OvqKOJxy2C93sWfuqKa6qm1yHfemCeDaZ6DVnuysievsl\nKliU55OKNz1xx3z7j50dF7PmwFzutYBRAoIBAC1/5LRjS+AHCaAOt39l7dqE5RoH\nI7H8epD6V5Ky6mY7nAfOTlHerxRidlICNDwyN7xqN4Z6sfbttayZUeccAJW5uAIL\n8Qi5JhjUWpaJTsz1UxSEJytmqeeuA9BGzkWyDMTsvMOhQtNDQOVqTWW3vunM9b9A\nx3XAG6XK6tl1aDcSI3dchSxkcWhNKeDdct33/FgfkXBcUt6JGpzXCiVxxcBGpuBr\nB5boCBp+wiJVZ7amyhrd9Fr0iGSwc3V5rYjv7q1MoTndAa/3Th64JQmRqOIg0Dqb\n0FWv59sSMAg5DY3QEZ4uDzViqZvw49DackKZgVB068jw4ry/fUdBZQpQWro=\n-----END RSA PRIVATE KEY-----\n",
                            "public_key_fingerprint_md5": "c4:fb:30:86:ca:06:27:85:af:a3:0d:4f:5d:c3:5f:b7",
                            "public_key_openssh": "ssh-rsa AAAAB3NzaC1yc2EAAAADAQABAAACAQDhWr4GkMXCO4jERiHDCtLWgQF+ozm/zrPrt9Eg2JbYXJNpEOLtbqJqqVGRuYY10ta4ehssumAVo19E5Xf2adm16c5NUzt6KgwVpRLsjj8iQ7cu7S9OhO10qIiw8L6bt4RPp82ilktFlPcPLVO2v2LyGdWm/dFRkzg6b5aBK6KG2sQRer+geVq3wMf0VM8ZyZL5TmdEGgZZHz2GJ33/D8s1nLwPgy6ytf3lduI5P728zqjaNidlwAZbxL20vL83QZPdQT1H2g8/g4GiXlX6dpWUQdbVXZqoOspTtoOmvGIcL/CtUigiz6wPA6HNHaEXOXPgOvJKz3Ij91uwL/5Xgl00aB/inhtLNmMsO+mylBfVDZtWSiyZpi1jwS74EXuhTC6JKwNcr/CXVKtqK8UXu6Epc1JTY3WmG2AUb06KeVu/Jp+CBcmo1O+f3nhkFcBiDahza8B3QxtvFVHKvHjoMiEszpDuJxJU0crFgh0OtVduKgq3SQxxETAIkA04tPqEH8CFzb+S5Pr4Bqq0KA1sDAR09S3YZxkYgPSqLP5P8t3uCZ8zs5F/r3H/GTAALrUdfBzzL/lrmcIMwRPd6yOzodWK3Cbz0gRgJ5O++lFX7bhUnErUkNr6EfkN2EDdNiCuEZ218+2aiPiATnmVw8W4dvYXlWJ6C3nF71WsOcpKF4plmw==\n",
                            "public_key_pem": "-----BEGIN PUBLIC KEY-----\nMIICIjANBgkqhkiG9w0BAQEFAAOCAg8AMIICCgKCAgEA4Vq+BpDFwjuIxEYhwwrS\n1oEBfqM5v86z67fRINiW2FyTaRDi7W6iaqlRkbmGNdLWuHobLLpgFaNfROV39mnZ\ntenOTVM7eioMFaUS7I4/IkO3Lu0vToTtdKiIsPC+m7eET6fNopZLRZT3Dy1Ttr9i\n8hnVpv3RUZM4Om+WgSuihtrEEXq/oHlat8DH9FTPGcmS+U5nRBoGWR89hid9/w/L\nNZy8D4MusrX95XbiOT+9vM6o2jYnZcAGW8S9tLy/N0GT3UE9R9oPP4OBol5V+naV\nlEHW1V2aqDrKU7aDprxiHC/wrVIoIs+sDwOhzR2hFzlz4DrySs9yI/dbsC/+V4Jd\nNGgf4p4bSzZjLDvpspQX1Q2bVkosmaYtY8Eu+BF7oUwuiSsDXK/wl1SraivFF7uh\nKXNSU2N1phtgFG9OinlbvyafggXJqNTvn954ZBXAYg2oc2vAd0MbbxVRyrx46DIh\nLM6Q7icSVNHKxYIdDrVXbioKt0kMcREwCJANOLT6hB/Ahc2/kuT6+AaqtCgNbAwE\ndPUt2GcZGID0qiz+T/Ld7gmfM7ORf69x/xkwAC61HXwc8y/5a5nCDMET3esjs6HV\nitwm89IEYCeTvvpRV+24VJxK1JDa+hH5DdhA3TYgrhGdtfPtmoj4gE55lcPFuHb2\nF5Viegt5xe9VrDnKSheKZZsCAwEAAQ==\n-----END PUBLIC KEY-----\n",
                            "rsa_bits": "4096"
                        },
                        "meta": {},
                        "tainted": false
                    },
                    "deposed": [],
                    "provider": "provider.tls"
                }
            },
            "depends_on": []
        }
    ]
}
